// !$*UTF8*$!
{
	archiveVersion = 1;
	classes = {
	};
	objectVersion = 46;
	objects = {

/* Begin PBXBuildFile section */
		8B404BA319DDB92700E2ABEB /* MapViewController.m in Sources */ = {isa = PBXBuildFile; fileRef = 8B404BA219DDB92700E2ABEB /* MapViewController.m */; };
		8B4174EF19E423C0007CC189 /* DoctorLocationViewController.m in Sources */ = {isa = PBXBuildFile; fileRef = 8B4174EE19E423C0007CC189 /* DoctorLocationViewController.m */; };
		8B4174F219E451DA007CC189 /* DoctorGalleryViewController.m in Sources */ = {isa = PBXBuildFile; fileRef = 8B4174F119E451DA007CC189 /* DoctorGalleryViewController.m */; };
		8B4174F519E453C3007CC189 /* DoctorGalleryCell.m in Sources */ = {isa = PBXBuildFile; fileRef = 8B4174F419E453C3007CC189 /* DoctorGalleryCell.m */; };
		8B4174F919E45F23007CC189 /* NSString+AddOns.m in Sources */ = {isa = PBXBuildFile; fileRef = 8B4174F819E45F23007CC189 /* NSString+AddOns.m */; };
		8B4174FC19E46A79007CC189 /* GalleryPicDetailViewController.m in Sources */ = {isa = PBXBuildFile; fileRef = 8B4174FB19E46A79007CC189 /* GalleryPicDetailViewController.m */; };
		8B5A7CFA19EFFC710094E426 /* ForgotPassViewController.m in Sources */ = {isa = PBXBuildFile; fileRef = 8B5A7CF919EFFC710094E426 /* ForgotPassViewController.m */; };
		8B5A7CFD19F01E4B0094E426 /* NewPasswordView.m in Sources */ = {isa = PBXBuildFile; fileRef = 8B5A7CFC19F01E4B0094E426 /* NewPasswordView.m */; };
		8B5A7D0019F063F00094E426 /* ChangePasswordViewController.m in Sources */ = {isa = PBXBuildFile; fileRef = 8B5A7CFF19F063F00094E426 /* ChangePasswordViewController.m */; };
		8B5A7D0319F06A240094E426 /* SharedUser.m in Sources */ = {isa = PBXBuildFile; fileRef = 8B5A7D0219F06A240094E426 /* SharedUser.m */; };
		8B5CC50019DC389E0001B0D1 /* Doctor.m in Sources */ = {isa = PBXBuildFile; fileRef = 8B5CC4FF19DC389E0001B0D1 /* Doctor.m */; };
		8B5CC50319DC41910001B0D1 /* DoctorsListViewController.m in Sources */ = {isa = PBXBuildFile; fileRef = 8B5CC50219DC41910001B0D1 /* DoctorsListViewController.m */; };
		8B5CC50719DC42550001B0D1 /* DoctorCell.m in Sources */ = {isa = PBXBuildFile; fileRef = 8B5CC50619DC42550001B0D1 /* DoctorCell.m */; };
		8B5CC50B19DC4A200001B0D1 /* RatingView.m in Sources */ = {isa = PBXBuildFile; fileRef = 8B5CC50A19DC4A200001B0D1 /* RatingView.m */; };
		8B5CC50D19DC562F0001B0D1 /* grayStar.png in Resources */ = {isa = PBXBuildFile; fileRef = 8B5CC50C19DC562F0001B0D1 /* grayStar.png */; };
		8B5CC51019DC57BF0001B0D1 /* blueStar.png in Resources */ = {isa = PBXBuildFile; fileRef = 8B5CC50F19DC57BF0001B0D1 /* blueStar.png */; };
		8B5CC53319DC5A780001B0D1 /* MKAnnotationView+WebCache.m in Sources */ = {isa = PBXBuildFile; fileRef = 8B5CC51319DC5A780001B0D1 /* MKAnnotationView+WebCache.m */; };
		8B5CC53419DC5A780001B0D1 /* NSData+ImageContentType.m in Sources */ = {isa = PBXBuildFile; fileRef = 8B5CC51519DC5A780001B0D1 /* NSData+ImageContentType.m */; };
		8B5CC53519DC5A780001B0D1 /* SDImageCache.m in Sources */ = {isa = PBXBuildFile; fileRef = 8B5CC51719DC5A780001B0D1 /* SDImageCache.m */; };
		8B5CC53619DC5A780001B0D1 /* SDWebImageCompat.m in Sources */ = {isa = PBXBuildFile; fileRef = 8B5CC51919DC5A780001B0D1 /* SDWebImageCompat.m */; };
		8B5CC53719DC5A780001B0D1 /* SDWebImageDecoder.m in Sources */ = {isa = PBXBuildFile; fileRef = 8B5CC51B19DC5A780001B0D1 /* SDWebImageDecoder.m */; };
		8B5CC53819DC5A780001B0D1 /* SDWebImageDownloader.m in Sources */ = {isa = PBXBuildFile; fileRef = 8B5CC51D19DC5A780001B0D1 /* SDWebImageDownloader.m */; };
		8B5CC53919DC5A780001B0D1 /* SDWebImageDownloaderOperation.m in Sources */ = {isa = PBXBuildFile; fileRef = 8B5CC51F19DC5A780001B0D1 /* SDWebImageDownloaderOperation.m */; };
		8B5CC53A19DC5A780001B0D1 /* SDWebImageManager.m in Sources */ = {isa = PBXBuildFile; fileRef = 8B5CC52119DC5A780001B0D1 /* SDWebImageManager.m */; };
		8B5CC53B19DC5A780001B0D1 /* SDWebImagePrefetcher.m in Sources */ = {isa = PBXBuildFile; fileRef = 8B5CC52419DC5A780001B0D1 /* SDWebImagePrefetcher.m */; };
		8B5CC53C19DC5A780001B0D1 /* UIButton+WebCache.m in Sources */ = {isa = PBXBuildFile; fileRef = 8B5CC52619DC5A780001B0D1 /* UIButton+WebCache.m */; };
		8B5CC53D19DC5A780001B0D1 /* UIImage+GIF.m in Sources */ = {isa = PBXBuildFile; fileRef = 8B5CC52819DC5A780001B0D1 /* UIImage+GIF.m */; };
		8B5CC53E19DC5A780001B0D1 /* UIImage+MultiFormat.m in Sources */ = {isa = PBXBuildFile; fileRef = 8B5CC52A19DC5A780001B0D1 /* UIImage+MultiFormat.m */; };
		8B5CC53F19DC5A780001B0D1 /* UIImage+WebP.m in Sources */ = {isa = PBXBuildFile; fileRef = 8B5CC52C19DC5A780001B0D1 /* UIImage+WebP.m */; };
		8B5CC54019DC5A780001B0D1 /* UIImageView+HighlightedWebCache.m in Sources */ = {isa = PBXBuildFile; fileRef = 8B5CC52E19DC5A780001B0D1 /* UIImageView+HighlightedWebCache.m */; };
		8B5CC54119DC5A780001B0D1 /* UIImageView+WebCache.m in Sources */ = {isa = PBXBuildFile; fileRef = 8B5CC53019DC5A780001B0D1 /* UIImageView+WebCache.m */; };
		8B5CC54219DC5A780001B0D1 /* UIView+WebCacheOperation.m in Sources */ = {isa = PBXBuildFile; fileRef = 8B5CC53219DC5A780001B0D1 /* UIView+WebCacheOperation.m */; };
		8B5CC54519DC60E70001B0D1 /* DoctorDetailsViewController.m in Sources */ = {isa = PBXBuildFile; fileRef = 8B5CC54419DC60E70001B0D1 /* DoctorDetailsViewController.m */; };
		8B5CDE931A39D24E00C8DCFB /* FormLists.m in Sources */ = {isa = PBXBuildFile; fileRef = 8B5CDE921A39D24E00C8DCFB /* FormLists.m */; };
		8B5CDE961A39D6E800C8DCFB /* Practice.m in Sources */ = {isa = PBXBuildFile; fileRef = 8B5CDE951A39D6E800C8DCFB /* Practice.m */; };
		8B5CDE991A39D7BD00C8DCFB /* Reason.m in Sources */ = {isa = PBXBuildFile; fileRef = 8B5CDE981A39D7BD00C8DCFB /* Reason.m */; };
		8B5CDE9C1A39DAD700C8DCFB /* FormListsParser.m in Sources */ = {isa = PBXBuildFile; fileRef = 8B5CDE9B1A39DAD700C8DCFB /* FormListsParser.m */; };
		8B5CDE9F1A39F7D700C8DCFB /* Insurance.m in Sources */ = {isa = PBXBuildFile; fileRef = 8B5CDE9E1A39F7D700C8DCFB /* Insurance.m */; };
		8B5CDEA21A39FC6400C8DCFB /* PracticeListViewController.m in Sources */ = {isa = PBXBuildFile; fileRef = 8B5CDEA11A39FC6400C8DCFB /* PracticeListViewController.m */; };
		8B5CDEA51A3A031C00C8DCFB /* PracticeListCell.m in Sources */ = {isa = PBXBuildFile; fileRef = 8B5CDEA41A3A031C00C8DCFB /* PracticeListCell.m */; };
		8B5CDEA71A3A085500C8DCFB /* Checkmark.png in Resources */ = {isa = PBXBuildFile; fileRef = 8B5CDEA61A3A085500C8DCFB /* Checkmark.png */; };
		8B66B67019E812E400E0C116 /* EducationCell.m in Sources */ = {isa = PBXBuildFile; fileRef = 8B66B66F19E812E400E0C116 /* EducationCell.m */; };
		8B66B67319E8336000E0C116 /* EducationDetailsViewController.m in Sources */ = {isa = PBXBuildFile; fileRef = 8B66B67219E8336000E0C116 /* EducationDetailsViewController.m */; };
		8B6788CC19DEE67200D3AAA5 /* localidades.json in Resources */ = {isa = PBXBuildFile; fileRef = 8B6788CA19DEE67200D3AAA5 /* localidades.json */; };
		8B6788CD19DEE67200D3AAA5 /* TemplateIcon2x.png in Resources */ = {isa = PBXBuildFile; fileRef = 8B6788CB19DEE67200D3AAA5 /* TemplateIcon2x.png */; };
		8B6788D019DEE75600D3AAA5 /* Localidad.m in Sources */ = {isa = PBXBuildFile; fileRef = 8B6788CF19DEE75600D3AAA5 /* Localidad.m */; };
		8B6788D319DEE86400D3AAA5 /* Localidad+Shared.m in Sources */ = {isa = PBXBuildFile; fileRef = 8B6788D219DEE86400D3AAA5 /* Localidad+Shared.m */; };
		8B6788D619DEF22200D3AAA5 /* SearchByNameViewController.m in Sources */ = {isa = PBXBuildFile; fileRef = 8B6788D519DEF22200D3AAA5 /* SearchByNameViewController.m */; };
		8B6788DC19DF09DA00D3AAA5 /* DoctorLoginViewController.m in Sources */ = {isa = PBXBuildFile; fileRef = 8B6788DB19DF09DA00D3AAA5 /* DoctorLoginViewController.m */; };
		8B6788DF19DF0EE100D3AAA5 /* CreateDoctorViewController.m in Sources */ = {isa = PBXBuildFile; fileRef = 8B6788DE19DF0EE100D3AAA5 /* CreateDoctorViewController.m */; };
		8B6788E219DF414C00D3AAA5 /* DoctorHomePageViewController.m in Sources */ = {isa = PBXBuildFile; fileRef = 8B6788E119DF414C00D3AAA5 /* DoctorHomePageViewController.m */; };
		8B71A43319E573BA00420757 /* SearchByLocationViewController.m in Sources */ = {isa = PBXBuildFile; fileRef = 8B71A43219E573BA00420757 /* SearchByLocationViewController.m */; };
		8B71A43719E58A1500420757 /* DoctorLocationInfoView.m in Sources */ = {isa = PBXBuildFile; fileRef = 8B71A43619E58A1500420757 /* DoctorLocationInfoView.m */; };
		8B71A43A19E5B0E400420757 /* ConsultorioMapDetailView.m in Sources */ = {isa = PBXBuildFile; fileRef = 8B71A43919E5B0E400420757 /* ConsultorioMapDetailView.m */; };
		8B71A43D19E5B97D00420757 /* PicturesViewController.m in Sources */ = {isa = PBXBuildFile; fileRef = 8B71A43C19E5B97D00420757 /* PicturesViewController.m */; };
		8B71A44019E5BEB300420757 /* PictureDetailViewController.m in Sources */ = {isa = PBXBuildFile; fileRef = 8B71A43F19E5BEB300420757 /* PictureDetailViewController.m */; };
		8B71A44319E5DA7C00420757 /* DeviceInfo.m in Sources */ = {isa = PBXBuildFile; fileRef = 8B71A44219E5DA7C00420757 /* DeviceInfo.m */; };
		8B7C248319E2D3090063F8D6 /* DoctorInfoViewController.m in Sources */ = {isa = PBXBuildFile; fileRef = 8B7C248219E2D3090063F8D6 /* DoctorInfoViewController.m */; };
		8B7C248919E2FAF50063F8D6 /* SharedDoctor.m in Sources */ = {isa = PBXBuildFile; fileRef = 8B7C248819E2FAF50063F8D6 /* SharedDoctor.m */; };
		8B7C248F19E346AE0063F8D6 /* NSArray+NullReplacement.m in Sources */ = {isa = PBXBuildFile; fileRef = 8B7C248C19E346AE0063F8D6 /* NSArray+NullReplacement.m */; };
		8B7C249019E346AE0063F8D6 /* NSDictionary+NullReplacement.m in Sources */ = {isa = PBXBuildFile; fileRef = 8B7C248E19E346AE0063F8D6 /* NSDictionary+NullReplacement.m */; };
		8B80589D19DAE4A10071A43D /* OpenSans-Regular.ttf in Resources */ = {isa = PBXBuildFile; fileRef = 8B80589B19DAE4A10071A43D /* OpenSans-Regular.ttf */; };
		8B80589E19DAE4A10071A43D /* OpenSans-Semibold.ttf in Resources */ = {isa = PBXBuildFile; fileRef = 8B80589C19DAE4A10071A43D /* OpenSans-Semibold.ttf */; };
		8B8058A119DAEB9F0071A43D /* CreateAccountViewController.m in Sources */ = {isa = PBXBuildFile; fileRef = 8B8058A019DAEB9F0071A43D /* CreateAccountViewController.m */; };
		8B8058A519DB104F0071A43D /* ServerCommunicator.m in Sources */ = {isa = PBXBuildFile; fileRef = 8B8058A419DB104E0071A43D /* ServerCommunicator.m */; };
		8B8058A919DB1B910071A43D /* MBProgressHUD.m in Sources */ = {isa = PBXBuildFile; fileRef = 8B8058A819DB1B910071A43D /* MBProgressHUD.m */; };
		8B8058AD19DB236C0071A43D /* User.m in Sources */ = {isa = PBXBuildFile; fileRef = 8B8058AC19DB236C0071A43D /* User.m */; };
		8B8058B019DB25E00071A43D /* HomeScreenViewController.m in Sources */ = {isa = PBXBuildFile; fileRef = 8B8058AF19DB25E00071A43D /* HomeScreenViewController.m */; };
		8B93CA251A3B4820002DC144 /* InsuranceType.m in Sources */ = {isa = PBXBuildFile; fileRef = 8B93CA241A3B4820002DC144 /* InsuranceType.m */; };
		8B93CA281A3B4FB6002DC144 /* InsurancesTableViewController.m in Sources */ = {isa = PBXBuildFile; fileRef = 8B93CA271A3B4FB6002DC144 /* InsurancesTableViewController.m */; };
		8B93CA2B1A3B581D002DC144 /* InsuranceTypeView.m in Sources */ = {isa = PBXBuildFile; fileRef = 8B93CA2A1A3B581D002DC144 /* InsuranceTypeView.m */; };
		8BA0DE0519E6DB93007BD6AD /* MyTextfield.m in Sources */ = {isa = PBXBuildFile; fileRef = 8BA0DE0419E6DB93007BD6AD /* MyTextfield.m */; };
		8BA0DE0819E70481007BD6AD /* DoctorEducationViewController.m in Sources */ = {isa = PBXBuildFile; fileRef = 8BA0DE0719E70481007BD6AD /* DoctorEducationViewController.m */; };
		8BA0DE0B19E723A0007BD6AD /* Studie.m in Sources */ = {isa = PBXBuildFile; fileRef = 8BA0DE0A19E723A0007BD6AD /* Studie.m */; };
		8BA0DE0E19E7299A007BD6AD /* AddStudieView.m in Sources */ = {isa = PBXBuildFile; fileRef = 8BA0DE0D19E7299A007BD6AD /* AddStudieView.m */; };
		8BA2A03C1A5F19B500ECE899 /* DoctorInsurancesViewController.m in Sources */ = {isa = PBXBuildFile; fileRef = 8BA2A03B1A5F19B500ECE899 /* DoctorInsurancesViewController.m */; };
		8BA2A03F1A5F1F4600ECE899 /* InsuranceTypesViewController.m in Sources */ = {isa = PBXBuildFile; fileRef = 8BA2A03E1A5F1F4600ECE899 /* InsuranceTypesViewController.m */; };
		8BAF892319D9FB9D0037CEE4 /* main.m in Sources */ = {isa = PBXBuildFile; fileRef = 8BAF892219D9FB9D0037CEE4 /* main.m */; };
		8BAF892619D9FB9D0037CEE4 /* AppDelegate.m in Sources */ = {isa = PBXBuildFile; fileRef = 8BAF892519D9FB9D0037CEE4 /* AppDelegate.m */; };
		8BAF892919D9FB9D0037CEE4 /* LoginViewController.m in Sources */ = {isa = PBXBuildFile; fileRef = 8BAF892819D9FB9D0037CEE4 /* LoginViewController.m */; };
		8BAF892C19D9FB9D0037CEE4 /* Main.storyboard in Resources */ = {isa = PBXBuildFile; fileRef = 8BAF892A19D9FB9D0037CEE4 /* Main.storyboard */; };
		8BAF892E19D9FB9D0037CEE4 /* Images.xcassets in Resources */ = {isa = PBXBuildFile; fileRef = 8BAF892D19D9FB9D0037CEE4 /* Images.xcassets */; };
		8BAF893119D9FB9D0037CEE4 /* LaunchScreen.xib in Resources */ = {isa = PBXBuildFile; fileRef = 8BAF892F19D9FB9D0037CEE4 /* LaunchScreen.xib */; };
		8BAF893D19D9FB9D0037CEE4 /* DoclineaTests.m in Sources */ = {isa = PBXBuildFile; fileRef = 8BAF893C19D9FB9D0037CEE4 /* DoclineaTests.m */; };
		8BE5804219DDCCAE00DDE286 /* MyProfileViewController.m in Sources */ = {isa = PBXBuildFile; fileRef = 8BE5804119DDCCAE00DDE286 /* MyProfileViewController.m */; };
/* End PBXBuildFile section */

/* Begin PBXContainerItemProxy section */
		8BAF893719D9FB9D0037CEE4 /* PBXContainerItemProxy */ = {
			isa = PBXContainerItemProxy;
			containerPortal = 8BAF891519D9FB9D0037CEE4 /* Project object */;
			proxyType = 1;
			remoteGlobalIDString = 8BAF891C19D9FB9D0037CEE4;
			remoteInfo = Doclinea;
		};
/* End PBXContainerItemProxy section */

/* Begin PBXFileReference section */
		8B404BA119DDB92700E2ABEB /* MapViewController.h */ = {isa = PBXFileReference; fileEncoding = 4; lastKnownFileType = sourcecode.c.h; path = MapViewController.h; sourceTree = "<group>"; };
		8B404BA219DDB92700E2ABEB /* MapViewController.m */ = {isa = PBXFileReference; fileEncoding = 4; lastKnownFileType = sourcecode.c.objc; path = MapViewController.m; sourceTree = "<group>"; };
		8B4174ED19E423C0007CC189 /* DoctorLocationViewController.h */ = {isa = PBXFileReference; fileEncoding = 4; lastKnownFileType = sourcecode.c.h; path = DoctorLocationViewController.h; sourceTree = "<group>"; };
		8B4174EE19E423C0007CC189 /* DoctorLocationViewController.m */ = {isa = PBXFileReference; fileEncoding = 4; lastKnownFileType = sourcecode.c.objc; path = DoctorLocationViewController.m; sourceTree = "<group>"; };
		8B4174F019E451DA007CC189 /* DoctorGalleryViewController.h */ = {isa = PBXFileReference; fileEncoding = 4; lastKnownFileType = sourcecode.c.h; path = DoctorGalleryViewController.h; sourceTree = "<group>"; };
		8B4174F119E451DA007CC189 /* DoctorGalleryViewController.m */ = {isa = PBXFileReference; fileEncoding = 4; lastKnownFileType = sourcecode.c.objc; path = DoctorGalleryViewController.m; sourceTree = "<group>"; };
		8B4174F319E453C3007CC189 /* DoctorGalleryCell.h */ = {isa = PBXFileReference; fileEncoding = 4; lastKnownFileType = sourcecode.c.h; name = DoctorGalleryCell.h; path = "Custom Cells/DoctorGalleryCell.h"; sourceTree = "<group>"; };
		8B4174F419E453C3007CC189 /* DoctorGalleryCell.m */ = {isa = PBXFileReference; fileEncoding = 4; lastKnownFileType = sourcecode.c.objc; name = DoctorGalleryCell.m; path = "Custom Cells/DoctorGalleryCell.m"; sourceTree = "<group>"; };
		8B4174F719E45F23007CC189 /* NSString+AddOns.h */ = {isa = PBXFileReference; fileEncoding = 4; lastKnownFileType = sourcecode.c.h; name = "NSString+AddOns.h"; path = "Categories/NSString+AddOns.h"; sourceTree = "<group>"; };
		8B4174F819E45F23007CC189 /* NSString+AddOns.m */ = {isa = PBXFileReference; fileEncoding = 4; lastKnownFileType = sourcecode.c.objc; name = "NSString+AddOns.m"; path = "Categories/NSString+AddOns.m"; sourceTree = "<group>"; };
		8B4174FA19E46A79007CC189 /* GalleryPicDetailViewController.h */ = {isa = PBXFileReference; fileEncoding = 4; lastKnownFileType = sourcecode.c.h; path = GalleryPicDetailViewController.h; sourceTree = "<group>"; };
		8B4174FB19E46A79007CC189 /* GalleryPicDetailViewController.m */ = {isa = PBXFileReference; fileEncoding = 4; lastKnownFileType = sourcecode.c.objc; path = GalleryPicDetailViewController.m; sourceTree = "<group>"; };
		8B5A7CF819EFFC710094E426 /* ForgotPassViewController.h */ = {isa = PBXFileReference; fileEncoding = 4; lastKnownFileType = sourcecode.c.h; path = ForgotPassViewController.h; sourceTree = "<group>"; };
		8B5A7CF919EFFC710094E426 /* ForgotPassViewController.m */ = {isa = PBXFileReference; fileEncoding = 4; lastKnownFileType = sourcecode.c.objc; path = ForgotPassViewController.m; sourceTree = "<group>"; };
		8B5A7CFB19F01E4B0094E426 /* NewPasswordView.h */ = {isa = PBXFileReference; fileEncoding = 4; lastKnownFileType = sourcecode.c.h; name = NewPasswordView.h; path = "Custom VIews/NewPasswordView.h"; sourceTree = "<group>"; };
		8B5A7CFC19F01E4B0094E426 /* NewPasswordView.m */ = {isa = PBXFileReference; fileEncoding = 4; lastKnownFileType = sourcecode.c.objc; name = NewPasswordView.m; path = "Custom VIews/NewPasswordView.m"; sourceTree = "<group>"; };
		8B5A7CFE19F063F00094E426 /* ChangePasswordViewController.h */ = {isa = PBXFileReference; fileEncoding = 4; lastKnownFileType = sourcecode.c.h; path = ChangePasswordViewController.h; sourceTree = "<group>"; };
		8B5A7CFF19F063F00094E426 /* ChangePasswordViewController.m */ = {isa = PBXFileReference; fileEncoding = 4; lastKnownFileType = sourcecode.c.objc; path = ChangePasswordViewController.m; sourceTree = "<group>"; };
		8B5A7D0119F06A240094E426 /* SharedUser.h */ = {isa = PBXFileReference; fileEncoding = 4; lastKnownFileType = sourcecode.c.h; name = SharedUser.h; path = Model/SharedUser.h; sourceTree = "<group>"; };
		8B5A7D0219F06A240094E426 /* SharedUser.m */ = {isa = PBXFileReference; fileEncoding = 4; lastKnownFileType = sourcecode.c.objc; name = SharedUser.m; path = Model/SharedUser.m; sourceTree = "<group>"; };
		8B5CC4FE19DC389E0001B0D1 /* Doctor.h */ = {isa = PBXFileReference; fileEncoding = 4; lastKnownFileType = sourcecode.c.h; name = Doctor.h; path = Model/Doctor.h; sourceTree = "<group>"; };
		8B5CC4FF19DC389E0001B0D1 /* Doctor.m */ = {isa = PBXFileReference; fileEncoding = 4; lastKnownFileType = sourcecode.c.objc; name = Doctor.m; path = Model/Doctor.m; sourceTree = "<group>"; };
		8B5CC50119DC41910001B0D1 /* DoctorsListViewController.h */ = {isa = PBXFileReference; fileEncoding = 4; lastKnownFileType = sourcecode.c.h; path = DoctorsListViewController.h; sourceTree = "<group>"; };
		8B5CC50219DC41910001B0D1 /* DoctorsListViewController.m */ = {isa = PBXFileReference; fileEncoding = 4; lastKnownFileType = sourcecode.c.objc; path = DoctorsListViewController.m; sourceTree = "<group>"; };
		8B5CC50519DC42550001B0D1 /* DoctorCell.h */ = {isa = PBXFileReference; fileEncoding = 4; lastKnownFileType = sourcecode.c.h; name = DoctorCell.h; path = "Custom Cells/DoctorCell.h"; sourceTree = "<group>"; };
		8B5CC50619DC42550001B0D1 /* DoctorCell.m */ = {isa = PBXFileReference; fileEncoding = 4; lastKnownFileType = sourcecode.c.objc; name = DoctorCell.m; path = "Custom Cells/DoctorCell.m"; sourceTree = "<group>"; };
		8B5CC50919DC4A200001B0D1 /* RatingView.h */ = {isa = PBXFileReference; fileEncoding = 4; lastKnownFileType = sourcecode.c.h; path = RatingView.h; sourceTree = "<group>"; };
		8B5CC50A19DC4A200001B0D1 /* RatingView.m */ = {isa = PBXFileReference; fileEncoding = 4; lastKnownFileType = sourcecode.c.objc; path = RatingView.m; sourceTree = "<group>"; };
		8B5CC50C19DC562F0001B0D1 /* grayStar.png */ = {isa = PBXFileReference; lastKnownFileType = image.png; name = grayStar.png; path = Resources/grayStar.png; sourceTree = "<group>"; };
		8B5CC50F19DC57BF0001B0D1 /* blueStar.png */ = {isa = PBXFileReference; lastKnownFileType = image.png; name = blueStar.png; path = Resources/blueStar.png; sourceTree = "<group>"; };
		8B5CC51219DC5A780001B0D1 /* MKAnnotationView+WebCache.h */ = {isa = PBXFileReference; fileEncoding = 4; lastKnownFileType = sourcecode.c.h; path = "MKAnnotationView+WebCache.h"; sourceTree = "<group>"; };
		8B5CC51319DC5A780001B0D1 /* MKAnnotationView+WebCache.m */ = {isa = PBXFileReference; fileEncoding = 4; lastKnownFileType = sourcecode.c.objc; path = "MKAnnotationView+WebCache.m"; sourceTree = "<group>"; };
		8B5CC51419DC5A780001B0D1 /* NSData+ImageContentType.h */ = {isa = PBXFileReference; fileEncoding = 4; lastKnownFileType = sourcecode.c.h; path = "NSData+ImageContentType.h"; sourceTree = "<group>"; };
		8B5CC51519DC5A780001B0D1 /* NSData+ImageContentType.m */ = {isa = PBXFileReference; fileEncoding = 4; lastKnownFileType = sourcecode.c.objc; path = "NSData+ImageContentType.m"; sourceTree = "<group>"; };
		8B5CC51619DC5A780001B0D1 /* SDImageCache.h */ = {isa = PBXFileReference; fileEncoding = 4; lastKnownFileType = sourcecode.c.h; path = SDImageCache.h; sourceTree = "<group>"; };
		8B5CC51719DC5A780001B0D1 /* SDImageCache.m */ = {isa = PBXFileReference; fileEncoding = 4; lastKnownFileType = sourcecode.c.objc; path = SDImageCache.m; sourceTree = "<group>"; };
		8B5CC51819DC5A780001B0D1 /* SDWebImageCompat.h */ = {isa = PBXFileReference; fileEncoding = 4; lastKnownFileType = sourcecode.c.h; path = SDWebImageCompat.h; sourceTree = "<group>"; };
		8B5CC51919DC5A780001B0D1 /* SDWebImageCompat.m */ = {isa = PBXFileReference; fileEncoding = 4; lastKnownFileType = sourcecode.c.objc; path = SDWebImageCompat.m; sourceTree = "<group>"; };
		8B5CC51A19DC5A780001B0D1 /* SDWebImageDecoder.h */ = {isa = PBXFileReference; fileEncoding = 4; lastKnownFileType = sourcecode.c.h; path = SDWebImageDecoder.h; sourceTree = "<group>"; };
		8B5CC51B19DC5A780001B0D1 /* SDWebImageDecoder.m */ = {isa = PBXFileReference; fileEncoding = 4; lastKnownFileType = sourcecode.c.objc; path = SDWebImageDecoder.m; sourceTree = "<group>"; };
		8B5CC51C19DC5A780001B0D1 /* SDWebImageDownloader.h */ = {isa = PBXFileReference; fileEncoding = 4; lastKnownFileType = sourcecode.c.h; path = SDWebImageDownloader.h; sourceTree = "<group>"; };
		8B5CC51D19DC5A780001B0D1 /* SDWebImageDownloader.m */ = {isa = PBXFileReference; fileEncoding = 4; lastKnownFileType = sourcecode.c.objc; path = SDWebImageDownloader.m; sourceTree = "<group>"; };
		8B5CC51E19DC5A780001B0D1 /* SDWebImageDownloaderOperation.h */ = {isa = PBXFileReference; fileEncoding = 4; lastKnownFileType = sourcecode.c.h; path = SDWebImageDownloaderOperation.h; sourceTree = "<group>"; };
		8B5CC51F19DC5A780001B0D1 /* SDWebImageDownloaderOperation.m */ = {isa = PBXFileReference; fileEncoding = 4; lastKnownFileType = sourcecode.c.objc; path = SDWebImageDownloaderOperation.m; sourceTree = "<group>"; };
		8B5CC52019DC5A780001B0D1 /* SDWebImageManager.h */ = {isa = PBXFileReference; fileEncoding = 4; lastKnownFileType = sourcecode.c.h; path = SDWebImageManager.h; sourceTree = "<group>"; };
		8B5CC52119DC5A780001B0D1 /* SDWebImageManager.m */ = {isa = PBXFileReference; fileEncoding = 4; lastKnownFileType = sourcecode.c.objc; path = SDWebImageManager.m; sourceTree = "<group>"; };
		8B5CC52219DC5A780001B0D1 /* SDWebImageOperation.h */ = {isa = PBXFileReference; fileEncoding = 4; lastKnownFileType = sourcecode.c.h; path = SDWebImageOperation.h; sourceTree = "<group>"; };
		8B5CC52319DC5A780001B0D1 /* SDWebImagePrefetcher.h */ = {isa = PBXFileReference; fileEncoding = 4; lastKnownFileType = sourcecode.c.h; path = SDWebImagePrefetcher.h; sourceTree = "<group>"; };
		8B5CC52419DC5A780001B0D1 /* SDWebImagePrefetcher.m */ = {isa = PBXFileReference; fileEncoding = 4; lastKnownFileType = sourcecode.c.objc; path = SDWebImagePrefetcher.m; sourceTree = "<group>"; };
		8B5CC52519DC5A780001B0D1 /* UIButton+WebCache.h */ = {isa = PBXFileReference; fileEncoding = 4; lastKnownFileType = sourcecode.c.h; path = "UIButton+WebCache.h"; sourceTree = "<group>"; };
		8B5CC52619DC5A780001B0D1 /* UIButton+WebCache.m */ = {isa = PBXFileReference; fileEncoding = 4; lastKnownFileType = sourcecode.c.objc; path = "UIButton+WebCache.m"; sourceTree = "<group>"; };
		8B5CC52719DC5A780001B0D1 /* UIImage+GIF.h */ = {isa = PBXFileReference; fileEncoding = 4; lastKnownFileType = sourcecode.c.h; path = "UIImage+GIF.h"; sourceTree = "<group>"; };
		8B5CC52819DC5A780001B0D1 /* UIImage+GIF.m */ = {isa = PBXFileReference; fileEncoding = 4; lastKnownFileType = sourcecode.c.objc; path = "UIImage+GIF.m"; sourceTree = "<group>"; };
		8B5CC52919DC5A780001B0D1 /* UIImage+MultiFormat.h */ = {isa = PBXFileReference; fileEncoding = 4; lastKnownFileType = sourcecode.c.h; path = "UIImage+MultiFormat.h"; sourceTree = "<group>"; };
		8B5CC52A19DC5A780001B0D1 /* UIImage+MultiFormat.m */ = {isa = PBXFileReference; fileEncoding = 4; lastKnownFileType = sourcecode.c.objc; path = "UIImage+MultiFormat.m"; sourceTree = "<group>"; };
		8B5CC52B19DC5A780001B0D1 /* UIImage+WebP.h */ = {isa = PBXFileReference; fileEncoding = 4; lastKnownFileType = sourcecode.c.h; path = "UIImage+WebP.h"; sourceTree = "<group>"; };
		8B5CC52C19DC5A780001B0D1 /* UIImage+WebP.m */ = {isa = PBXFileReference; fileEncoding = 4; lastKnownFileType = sourcecode.c.objc; path = "UIImage+WebP.m"; sourceTree = "<group>"; };
		8B5CC52D19DC5A780001B0D1 /* UIImageView+HighlightedWebCache.h */ = {isa = PBXFileReference; fileEncoding = 4; lastKnownFileType = sourcecode.c.h; path = "UIImageView+HighlightedWebCache.h"; sourceTree = "<group>"; };
		8B5CC52E19DC5A780001B0D1 /* UIImageView+HighlightedWebCache.m */ = {isa = PBXFileReference; fileEncoding = 4; lastKnownFileType = sourcecode.c.objc; path = "UIImageView+HighlightedWebCache.m"; sourceTree = "<group>"; };
		8B5CC52F19DC5A780001B0D1 /* UIImageView+WebCache.h */ = {isa = PBXFileReference; fileEncoding = 4; lastKnownFileType = sourcecode.c.h; path = "UIImageView+WebCache.h"; sourceTree = "<group>"; };
		8B5CC53019DC5A780001B0D1 /* UIImageView+WebCache.m */ = {isa = PBXFileReference; fileEncoding = 4; lastKnownFileType = sourcecode.c.objc; path = "UIImageView+WebCache.m"; sourceTree = "<group>"; };
		8B5CC53119DC5A780001B0D1 /* UIView+WebCacheOperation.h */ = {isa = PBXFileReference; fileEncoding = 4; lastKnownFileType = sourcecode.c.h; path = "UIView+WebCacheOperation.h"; sourceTree = "<group>"; };
		8B5CC53219DC5A780001B0D1 /* UIView+WebCacheOperation.m */ = {isa = PBXFileReference; fileEncoding = 4; lastKnownFileType = sourcecode.c.objc; path = "UIView+WebCacheOperation.m"; sourceTree = "<group>"; };
		8B5CC54319DC60E70001B0D1 /* DoctorDetailsViewController.h */ = {isa = PBXFileReference; fileEncoding = 4; lastKnownFileType = sourcecode.c.h; path = DoctorDetailsViewController.h; sourceTree = "<group>"; };
		8B5CC54419DC60E70001B0D1 /* DoctorDetailsViewController.m */ = {isa = PBXFileReference; fileEncoding = 4; lastKnownFileType = sourcecode.c.objc; path = DoctorDetailsViewController.m; sourceTree = "<group>"; };
		8B5CDE911A39D24E00C8DCFB /* FormLists.h */ = {isa = PBXFileReference; fileEncoding = 4; lastKnownFileType = sourcecode.c.h; name = FormLists.h; path = Model/FormLists.h; sourceTree = "<group>"; };
		8B5CDE921A39D24E00C8DCFB /* FormLists.m */ = {isa = PBXFileReference; fileEncoding = 4; lastKnownFileType = sourcecode.c.objc; name = FormLists.m; path = Model/FormLists.m; sourceTree = "<group>"; };
		8B5CDE941A39D6E800C8DCFB /* Practice.h */ = {isa = PBXFileReference; fileEncoding = 4; lastKnownFileType = sourcecode.c.h; name = Practice.h; path = Model/Practice.h; sourceTree = "<group>"; };
		8B5CDE951A39D6E800C8DCFB /* Practice.m */ = {isa = PBXFileReference; fileEncoding = 4; lastKnownFileType = sourcecode.c.objc; name = Practice.m; path = Model/Practice.m; sourceTree = "<group>"; };
		8B5CDE971A39D7BD00C8DCFB /* Reason.h */ = {isa = PBXFileReference; fileEncoding = 4; lastKnownFileType = sourcecode.c.h; name = Reason.h; path = Model/Reason.h; sourceTree = "<group>"; };
		8B5CDE981A39D7BD00C8DCFB /* Reason.m */ = {isa = PBXFileReference; fileEncoding = 4; lastKnownFileType = sourcecode.c.objc; name = Reason.m; path = Model/Reason.m; sourceTree = "<group>"; };
		8B5CDE9A1A39DAD700C8DCFB /* FormListsParser.h */ = {isa = PBXFileReference; fileEncoding = 4; lastKnownFileType = sourcecode.c.h; name = FormListsParser.h; path = Model/FormListsParser.h; sourceTree = "<group>"; };
		8B5CDE9B1A39DAD700C8DCFB /* FormListsParser.m */ = {isa = PBXFileReference; fileEncoding = 4; lastKnownFileType = sourcecode.c.objc; name = FormListsParser.m; path = Model/FormListsParser.m; sourceTree = "<group>"; };
		8B5CDE9D1A39F7D700C8DCFB /* Insurance.h */ = {isa = PBXFileReference; fileEncoding = 4; lastKnownFileType = sourcecode.c.h; name = Insurance.h; path = Model/Insurance.h; sourceTree = "<group>"; };
		8B5CDE9E1A39F7D700C8DCFB /* Insurance.m */ = {isa = PBXFileReference; fileEncoding = 4; lastKnownFileType = sourcecode.c.objc; name = Insurance.m; path = Model/Insurance.m; sourceTree = "<group>"; };
		8B5CDEA01A39FC6400C8DCFB /* PracticeListViewController.h */ = {isa = PBXFileReference; fileEncoding = 4; lastKnownFileType = sourcecode.c.h; path = PracticeListViewController.h; sourceTree = "<group>"; };
		8B5CDEA11A39FC6400C8DCFB /* PracticeListViewController.m */ = {isa = PBXFileReference; fileEncoding = 4; lastKnownFileType = sourcecode.c.objc; path = PracticeListViewController.m; sourceTree = "<group>"; };
		8B5CDEA31A3A031C00C8DCFB /* PracticeListCell.h */ = {isa = PBXFileReference; fileEncoding = 4; lastKnownFileType = sourcecode.c.h; name = PracticeListCell.h; path = "Custom Cells/PracticeListCell.h"; sourceTree = "<group>"; };
		8B5CDEA41A3A031C00C8DCFB /* PracticeListCell.m */ = {isa = PBXFileReference; fileEncoding = 4; lastKnownFileType = sourcecode.c.objc; name = PracticeListCell.m; path = "Custom Cells/PracticeListCell.m"; sourceTree = "<group>"; };
		8B5CDEA61A3A085500C8DCFB /* Checkmark.png */ = {isa = PBXFileReference; lastKnownFileType = image.png; name = Checkmark.png; path = Resources/Checkmark.png; sourceTree = "<group>"; };
		8B66B66E19E812E400E0C116 /* EducationCell.h */ = {isa = PBXFileReference; fileEncoding = 4; lastKnownFileType = sourcecode.c.h; name = EducationCell.h; path = "Custom Cells/EducationCell.h"; sourceTree = "<group>"; };
		8B66B66F19E812E400E0C116 /* EducationCell.m */ = {isa = PBXFileReference; fileEncoding = 4; lastKnownFileType = sourcecode.c.objc; name = EducationCell.m; path = "Custom Cells/EducationCell.m"; sourceTree = "<group>"; };
		8B66B67119E8336000E0C116 /* EducationDetailsViewController.h */ = {isa = PBXFileReference; fileEncoding = 4; lastKnownFileType = sourcecode.c.h; path = EducationDetailsViewController.h; sourceTree = "<group>"; };
		8B66B67219E8336000E0C116 /* EducationDetailsViewController.m */ = {isa = PBXFileReference; fileEncoding = 4; lastKnownFileType = sourcecode.c.objc; path = EducationDetailsViewController.m; sourceTree = "<group>"; };
		8B6788CA19DEE67200D3AAA5 /* localidades.json */ = {isa = PBXFileReference; fileEncoding = 4; lastKnownFileType = text.json; name = localidades.json; path = "JSON Files/localidades.json"; sourceTree = "<group>"; };
		8B6788CB19DEE67200D3AAA5 /* TemplateIcon2x.png */ = {isa = PBXFileReference; lastKnownFileType = image.png; name = TemplateIcon2x.png; path = "JSON Files/TemplateIcon2x.png"; sourceTree = "<group>"; };
		8B6788CE19DEE75600D3AAA5 /* Localidad.h */ = {isa = PBXFileReference; fileEncoding = 4; lastKnownFileType = sourcecode.c.h; name = Localidad.h; path = Model/Localidad.h; sourceTree = "<group>"; };
		8B6788CF19DEE75600D3AAA5 /* Localidad.m */ = {isa = PBXFileReference; fileEncoding = 4; lastKnownFileType = sourcecode.c.objc; name = Localidad.m; path = Model/Localidad.m; sourceTree = "<group>"; };
		8B6788D119DEE86400D3AAA5 /* Localidad+Shared.h */ = {isa = PBXFileReference; fileEncoding = 4; lastKnownFileType = sourcecode.c.h; name = "Localidad+Shared.h"; path = "Model/Localidad+Shared.h"; sourceTree = "<group>"; };
		8B6788D219DEE86400D3AAA5 /* Localidad+Shared.m */ = {isa = PBXFileReference; fileEncoding = 4; lastKnownFileType = sourcecode.c.objc; name = "Localidad+Shared.m"; path = "Model/Localidad+Shared.m"; sourceTree = "<group>"; };
		8B6788D419DEF22200D3AAA5 /* SearchByNameViewController.h */ = {isa = PBXFileReference; fileEncoding = 4; lastKnownFileType = sourcecode.c.h; path = SearchByNameViewController.h; sourceTree = "<group>"; };
		8B6788D519DEF22200D3AAA5 /* SearchByNameViewController.m */ = {isa = PBXFileReference; fileEncoding = 4; lastKnownFileType = sourcecode.c.objc; path = SearchByNameViewController.m; sourceTree = "<group>"; };
		8B6788DA19DF09DA00D3AAA5 /* DoctorLoginViewController.h */ = {isa = PBXFileReference; fileEncoding = 4; lastKnownFileType = sourcecode.c.h; path = DoctorLoginViewController.h; sourceTree = "<group>"; };
		8B6788DB19DF09DA00D3AAA5 /* DoctorLoginViewController.m */ = {isa = PBXFileReference; fileEncoding = 4; lastKnownFileType = sourcecode.c.objc; path = DoctorLoginViewController.m; sourceTree = "<group>"; };
		8B6788DD19DF0EE100D3AAA5 /* CreateDoctorViewController.h */ = {isa = PBXFileReference; fileEncoding = 4; lastKnownFileType = sourcecode.c.h; path = CreateDoctorViewController.h; sourceTree = "<group>"; };
		8B6788DE19DF0EE100D3AAA5 /* CreateDoctorViewController.m */ = {isa = PBXFileReference; fileEncoding = 4; lastKnownFileType = sourcecode.c.objc; path = CreateDoctorViewController.m; sourceTree = "<group>"; };
		8B6788E019DF414C00D3AAA5 /* DoctorHomePageViewController.h */ = {isa = PBXFileReference; fileEncoding = 4; lastKnownFileType = sourcecode.c.h; path = DoctorHomePageViewController.h; sourceTree = "<group>"; };
		8B6788E119DF414C00D3AAA5 /* DoctorHomePageViewController.m */ = {isa = PBXFileReference; fileEncoding = 4; lastKnownFileType = sourcecode.c.objc; path = DoctorHomePageViewController.m; sourceTree = "<group>"; };
		8B71A43119E573BA00420757 /* SearchByLocationViewController.h */ = {isa = PBXFileReference; fileEncoding = 4; lastKnownFileType = sourcecode.c.h; path = SearchByLocationViewController.h; sourceTree = "<group>"; };
		8B71A43219E573BA00420757 /* SearchByLocationViewController.m */ = {isa = PBXFileReference; fileEncoding = 4; lastKnownFileType = sourcecode.c.objc; path = SearchByLocationViewController.m; sourceTree = "<group>"; };
		8B71A43519E58A1500420757 /* DoctorLocationInfoView.h */ = {isa = PBXFileReference; fileEncoding = 4; lastKnownFileType = sourcecode.c.h; name = DoctorLocationInfoView.h; path = "Custom VIews/DoctorLocationInfoView.h"; sourceTree = "<group>"; };
		8B71A43619E58A1500420757 /* DoctorLocationInfoView.m */ = {isa = PBXFileReference; fileEncoding = 4; lastKnownFileType = sourcecode.c.objc; name = DoctorLocationInfoView.m; path = "Custom VIews/DoctorLocationInfoView.m"; sourceTree = "<group>"; };
		8B71A43819E5B0E400420757 /* ConsultorioMapDetailView.h */ = {isa = PBXFileReference; fileEncoding = 4; lastKnownFileType = sourcecode.c.h; name = ConsultorioMapDetailView.h; path = "Custom VIews/ConsultorioMapDetailView.h"; sourceTree = "<group>"; };
		8B71A43919E5B0E400420757 /* ConsultorioMapDetailView.m */ = {isa = PBXFileReference; fileEncoding = 4; lastKnownFileType = sourcecode.c.objc; name = ConsultorioMapDetailView.m; path = "Custom VIews/ConsultorioMapDetailView.m"; sourceTree = "<group>"; };
		8B71A43B19E5B97D00420757 /* PicturesViewController.h */ = {isa = PBXFileReference; fileEncoding = 4; lastKnownFileType = sourcecode.c.h; path = PicturesViewController.h; sourceTree = "<group>"; };
		8B71A43C19E5B97D00420757 /* PicturesViewController.m */ = {isa = PBXFileReference; fileEncoding = 4; lastKnownFileType = sourcecode.c.objc; path = PicturesViewController.m; sourceTree = "<group>"; };
		8B71A43E19E5BEB300420757 /* PictureDetailViewController.h */ = {isa = PBXFileReference; fileEncoding = 4; lastKnownFileType = sourcecode.c.h; path = PictureDetailViewController.h; sourceTree = "<group>"; };
		8B71A43F19E5BEB300420757 /* PictureDetailViewController.m */ = {isa = PBXFileReference; fileEncoding = 4; lastKnownFileType = sourcecode.c.objc; path = PictureDetailViewController.m; sourceTree = "<group>"; };
		8B71A44119E5DA7C00420757 /* DeviceInfo.h */ = {isa = PBXFileReference; fileEncoding = 4; lastKnownFileType = sourcecode.c.h; name = DeviceInfo.h; path = Model/DeviceInfo.h; sourceTree = "<group>"; };
		8B71A44219E5DA7C00420757 /* DeviceInfo.m */ = {isa = PBXFileReference; fileEncoding = 4; lastKnownFileType = sourcecode.c.objc; name = DeviceInfo.m; path = Model/DeviceInfo.m; sourceTree = "<group>"; };
		8B7C248119E2D3090063F8D6 /* DoctorInfoViewController.h */ = {isa = PBXFileReference; fileEncoding = 4; lastKnownFileType = sourcecode.c.h; path = DoctorInfoViewController.h; sourceTree = "<group>"; };
		8B7C248219E2D3090063F8D6 /* DoctorInfoViewController.m */ = {isa = PBXFileReference; fileEncoding = 4; lastKnownFileType = sourcecode.c.objc; path = DoctorInfoViewController.m; sourceTree = "<group>"; };
		8B7C248719E2FAF50063F8D6 /* SharedDoctor.h */ = {isa = PBXFileReference; fileEncoding = 4; lastKnownFileType = sourcecode.c.h; name = SharedDoctor.h; path = Model/SharedDoctor.h; sourceTree = "<group>"; };
		8B7C248819E2FAF50063F8D6 /* SharedDoctor.m */ = {isa = PBXFileReference; fileEncoding = 4; lastKnownFileType = sourcecode.c.objc; name = SharedDoctor.m; path = Model/SharedDoctor.m; sourceTree = "<group>"; };
		8B7C248B19E346AE0063F8D6 /* NSArray+NullReplacement.h */ = {isa = PBXFileReference; fileEncoding = 4; lastKnownFileType = sourcecode.c.h; path = "NSArray+NullReplacement.h"; sourceTree = "<group>"; };
		8B7C248C19E346AE0063F8D6 /* NSArray+NullReplacement.m */ = {isa = PBXFileReference; fileEncoding = 4; lastKnownFileType = sourcecode.c.objc; path = "NSArray+NullReplacement.m"; sourceTree = "<group>"; };
		8B7C248D19E346AE0063F8D6 /* NSDictionary+NullReplacement.h */ = {isa = PBXFileReference; fileEncoding = 4; lastKnownFileType = sourcecode.c.h; path = "NSDictionary+NullReplacement.h"; sourceTree = "<group>"; };
		8B7C248E19E346AE0063F8D6 /* NSDictionary+NullReplacement.m */ = {isa = PBXFileReference; fileEncoding = 4; lastKnownFileType = sourcecode.c.objc; path = "NSDictionary+NullReplacement.m"; sourceTree = "<group>"; };
		8B80589B19DAE4A10071A43D /* OpenSans-Regular.ttf */ = {isa = PBXFileReference; lastKnownFileType = file; path = "OpenSans-Regular.ttf"; sourceTree = "<group>"; };
		8B80589C19DAE4A10071A43D /* OpenSans-Semibold.ttf */ = {isa = PBXFileReference; lastKnownFileType = file; path = "OpenSans-Semibold.ttf"; sourceTree = "<group>"; };
		8B80589F19DAEB9F0071A43D /* CreateAccountViewController.h */ = {isa = PBXFileReference; fileEncoding = 4; lastKnownFileType = sourcecode.c.h; path = CreateAccountViewController.h; sourceTree = "<group>"; };
		8B8058A019DAEB9F0071A43D /* CreateAccountViewController.m */ = {isa = PBXFileReference; fileEncoding = 4; lastKnownFileType = sourcecode.c.objc; path = CreateAccountViewController.m; sourceTree = "<group>"; };
		8B8058A319DB104E0071A43D /* ServerCommunicator.h */ = {isa = PBXFileReference; fileEncoding = 4; lastKnownFileType = sourcecode.c.h; path = ServerCommunicator.h; sourceTree = "<group>"; };
		8B8058A419DB104E0071A43D /* ServerCommunicator.m */ = {isa = PBXFileReference; fileEncoding = 4; lastKnownFileType = sourcecode.c.objc; path = ServerCommunicator.m; sourceTree = "<group>"; };
		8B8058A719DB1B910071A43D /* MBProgressHUD.h */ = {isa = PBXFileReference; fileEncoding = 4; lastKnownFileType = sourcecode.c.h; path = MBProgressHUD.h; sourceTree = "<group>"; };
		8B8058A819DB1B910071A43D /* MBProgressHUD.m */ = {isa = PBXFileReference; fileEncoding = 4; lastKnownFileType = sourcecode.c.objc; path = MBProgressHUD.m; sourceTree = "<group>"; };
		8B8058AB19DB236C0071A43D /* User.h */ = {isa = PBXFileReference; fileEncoding = 4; lastKnownFileType = sourcecode.c.h; name = User.h; path = Model/User.h; sourceTree = "<group>"; };
		8B8058AC19DB236C0071A43D /* User.m */ = {isa = PBXFileReference; fileEncoding = 4; lastKnownFileType = sourcecode.c.objc; name = User.m; path = Model/User.m; sourceTree = "<group>"; };
		8B8058AE19DB25E00071A43D /* HomeScreenViewController.h */ = {isa = PBXFileReference; fileEncoding = 4; lastKnownFileType = sourcecode.c.h; path = HomeScreenViewController.h; sourceTree = "<group>"; };
		8B8058AF19DB25E00071A43D /* HomeScreenViewController.m */ = {isa = PBXFileReference; fileEncoding = 4; lastKnownFileType = sourcecode.c.objc; path = HomeScreenViewController.m; sourceTree = "<group>"; };
		8B93CA231A3B4820002DC144 /* InsuranceType.h */ = {isa = PBXFileReference; fileEncoding = 4; lastKnownFileType = sourcecode.c.h; name = InsuranceType.h; path = Model/InsuranceType.h; sourceTree = "<group>"; };
		8B93CA241A3B4820002DC144 /* InsuranceType.m */ = {isa = PBXFileReference; fileEncoding = 4; lastKnownFileType = sourcecode.c.objc; name = InsuranceType.m; path = Model/InsuranceType.m; sourceTree = "<group>"; };
		8B93CA261A3B4FB6002DC144 /* InsurancesTableViewController.h */ = {isa = PBXFileReference; fileEncoding = 4; lastKnownFileType = sourcecode.c.h; path = InsurancesTableViewController.h; sourceTree = "<group>"; };
		8B93CA271A3B4FB6002DC144 /* InsurancesTableViewController.m */ = {isa = PBXFileReference; fileEncoding = 4; lastKnownFileType = sourcecode.c.objc; path = InsurancesTableViewController.m; sourceTree = "<group>"; };
		8B93CA291A3B581D002DC144 /* InsuranceTypeView.h */ = {isa = PBXFileReference; fileEncoding = 4; lastKnownFileType = sourcecode.c.h; name = InsuranceTypeView.h; path = "Custom VIews/InsuranceTypeView.h"; sourceTree = "<group>"; };
		8B93CA2A1A3B581D002DC144 /* InsuranceTypeView.m */ = {isa = PBXFileReference; fileEncoding = 4; lastKnownFileType = sourcecode.c.objc; name = InsuranceTypeView.m; path = "Custom VIews/InsuranceTypeView.m"; sourceTree = "<group>"; };
		8BA0DE0319E6DB93007BD6AD /* MyTextfield.h */ = {isa = PBXFileReference; fileEncoding = 4; lastKnownFileType = sourcecode.c.h; name = MyTextfield.h; path = "UI Classes/MyTextfield.h"; sourceTree = "<group>"; };
		8BA0DE0419E6DB93007BD6AD /* MyTextfield.m */ = {isa = PBXFileReference; fileEncoding = 4; lastKnownFileType = sourcecode.c.objc; name = MyTextfield.m; path = "UI Classes/MyTextfield.m"; sourceTree = "<group>"; };
		8BA0DE0619E70481007BD6AD /* DoctorEducationViewController.h */ = {isa = PBXFileReference; fileEncoding = 4; lastKnownFileType = sourcecode.c.h; path = DoctorEducationViewController.h; sourceTree = "<group>"; };
		8BA0DE0719E70481007BD6AD /* DoctorEducationViewController.m */ = {isa = PBXFileReference; fileEncoding = 4; lastKnownFileType = sourcecode.c.objc; path = DoctorEducationViewController.m; sourceTree = "<group>"; };
		8BA0DE0919E723A0007BD6AD /* Studie.h */ = {isa = PBXFileReference; fileEncoding = 4; lastKnownFileType = sourcecode.c.h; name = Studie.h; path = Model/Studie.h; sourceTree = "<group>"; };
		8BA0DE0A19E723A0007BD6AD /* Studie.m */ = {isa = PBXFileReference; fileEncoding = 4; lastKnownFileType = sourcecode.c.objc; name = Studie.m; path = Model/Studie.m; sourceTree = "<group>"; };
		8BA0DE0C19E7299A007BD6AD /* AddStudieView.h */ = {isa = PBXFileReference; fileEncoding = 4; lastKnownFileType = sourcecode.c.h; name = AddStudieView.h; path = "Custom VIews/AddStudieView.h"; sourceTree = "<group>"; };
		8BA0DE0D19E7299A007BD6AD /* AddStudieView.m */ = {isa = PBXFileReference; fileEncoding = 4; lastKnownFileType = sourcecode.c.objc; name = AddStudieView.m; path = "Custom VIews/AddStudieView.m"; sourceTree = "<group>"; };
		8BA2A03A1A5F19B500ECE899 /* DoctorInsurancesViewController.h */ = {isa = PBXFileReference; fileEncoding = 4; lastKnownFileType = sourcecode.c.h; path = DoctorInsurancesViewController.h; sourceTree = "<group>"; };
		8BA2A03B1A5F19B500ECE899 /* DoctorInsurancesViewController.m */ = {isa = PBXFileReference; fileEncoding = 4; lastKnownFileType = sourcecode.c.objc; path = DoctorInsurancesViewController.m; sourceTree = "<group>"; };
		8BA2A03D1A5F1F4600ECE899 /* InsuranceTypesViewController.h */ = {isa = PBXFileReference; fileEncoding = 4; lastKnownFileType = sourcecode.c.h; path = InsuranceTypesViewController.h; sourceTree = "<group>"; };
		8BA2A03E1A5F1F4600ECE899 /* InsuranceTypesViewController.m */ = {isa = PBXFileReference; fileEncoding = 4; lastKnownFileType = sourcecode.c.objc; path = InsuranceTypesViewController.m; sourceTree = "<group>"; };
		8BAF891D19D9FB9D0037CEE4 /* Doclinea.app */ = {isa = PBXFileReference; explicitFileType = wrapper.application; includeInIndex = 0; path = Doclinea.app; sourceTree = BUILT_PRODUCTS_DIR; };
		8BAF892119D9FB9D0037CEE4 /* Info.plist */ = {isa = PBXFileReference; lastKnownFileType = text.plist.xml; path = Info.plist; sourceTree = "<group>"; };
		8BAF892219D9FB9D0037CEE4 /* main.m */ = {isa = PBXFileReference; lastKnownFileType = sourcecode.c.objc; path = main.m; sourceTree = "<group>"; };
		8BAF892419D9FB9D0037CEE4 /* AppDelegate.h */ = {isa = PBXFileReference; lastKnownFileType = sourcecode.c.h; path = AppDelegate.h; sourceTree = "<group>"; };
		8BAF892519D9FB9D0037CEE4 /* AppDelegate.m */ = {isa = PBXFileReference; lastKnownFileType = sourcecode.c.objc; path = AppDelegate.m; sourceTree = "<group>"; };
		8BAF892719D9FB9D0037CEE4 /* LoginViewController.h */ = {isa = PBXFileReference; lastKnownFileType = sourcecode.c.h; path = LoginViewController.h; sourceTree = "<group>"; };
		8BAF892819D9FB9D0037CEE4 /* LoginViewController.m */ = {isa = PBXFileReference; lastKnownFileType = sourcecode.c.objc; path = LoginViewController.m; sourceTree = "<group>"; };
		8BAF892B19D9FB9D0037CEE4 /* Base */ = {isa = PBXFileReference; lastKnownFileType = file.storyboard; name = Base; path = Base.lproj/Main.storyboard; sourceTree = "<group>"; };
		8BAF892D19D9FB9D0037CEE4 /* Images.xcassets */ = {isa = PBXFileReference; lastKnownFileType = folder.assetcatalog; path = Images.xcassets; sourceTree = "<group>"; };
		8BAF893019D9FB9D0037CEE4 /* Base */ = {isa = PBXFileReference; lastKnownFileType = file.xib; name = Base; path = Base.lproj/LaunchScreen.xib; sourceTree = "<group>"; };
		8BAF893619D9FB9D0037CEE4 /* DoclineaTests.xctest */ = {isa = PBXFileReference; explicitFileType = wrapper.cfbundle; includeInIndex = 0; path = DoclineaTests.xctest; sourceTree = BUILT_PRODUCTS_DIR; };
		8BAF893B19D9FB9D0037CEE4 /* Info.plist */ = {isa = PBXFileReference; lastKnownFileType = text.plist.xml; path = Info.plist; sourceTree = "<group>"; };
		8BAF893C19D9FB9D0037CEE4 /* DoclineaTests.m */ = {isa = PBXFileReference; lastKnownFileType = sourcecode.c.objc; path = DoclineaTests.m; sourceTree = "<group>"; };
		8BE5804019DDCCAE00DDE286 /* MyProfileViewController.h */ = {isa = PBXFileReference; fileEncoding = 4; lastKnownFileType = sourcecode.c.h; path = MyProfileViewController.h; sourceTree = "<group>"; };
		8BE5804119DDCCAE00DDE286 /* MyProfileViewController.m */ = {isa = PBXFileReference; fileEncoding = 4; lastKnownFileType = sourcecode.c.objc; path = MyProfileViewController.m; sourceTree = "<group>"; };
/* End PBXFileReference section */

/* Begin PBXFrameworksBuildPhase section */
		8BAF891A19D9FB9D0037CEE4 /* Frameworks */ = {
			isa = PBXFrameworksBuildPhase;
			buildActionMask = 2147483647;
			files = (
			);
			runOnlyForDeploymentPostprocessing = 0;
		};
		8BAF893319D9FB9D0037CEE4 /* Frameworks */ = {
			isa = PBXFrameworksBuildPhase;
			buildActionMask = 2147483647;
			files = (
			);
			runOnlyForDeploymentPostprocessing = 0;
		};
/* End PBXFrameworksBuildPhase section */

/* Begin PBXGroup section */
		8B4174F619E45EFB007CC189 /* Categories */ = {
			isa = PBXGroup;
			children = (
				8B4174F719E45F23007CC189 /* NSString+AddOns.h */,
				8B4174F819E45F23007CC189 /* NSString+AddOns.m */,
			);
			name = Categories;
			sourceTree = "<group>";
		};
		8B5CC50419DC42360001B0D1 /* Custom Cells */ = {
			isa = PBXGroup;
			children = (
				8B5CC50519DC42550001B0D1 /* DoctorCell.h */,
				8B5CC50619DC42550001B0D1 /* DoctorCell.m */,
				8B4174F319E453C3007CC189 /* DoctorGalleryCell.h */,
				8B4174F419E453C3007CC189 /* DoctorGalleryCell.m */,
				8B66B66E19E812E400E0C116 /* EducationCell.h */,
				8B66B66F19E812E400E0C116 /* EducationCell.m */,
				8B5CDEA31A3A031C00C8DCFB /* PracticeListCell.h */,
				8B5CDEA41A3A031C00C8DCFB /* PracticeListCell.m */,
			);
			name = "Custom Cells";
			sourceTree = "<group>";
		};
		8B5CC50819DC4A200001B0D1 /* RatingView */ = {
			isa = PBXGroup;
			children = (
				8B5CC50919DC4A200001B0D1 /* RatingView.h */,
				8B5CC50A19DC4A200001B0D1 /* RatingView.m */,
			);
			path = RatingView;
			sourceTree = "<group>";
		};
		8B5CC50E19DC57B00001B0D1 /* Images */ = {
			isa = PBXGroup;
			children = (
				8B5CDEA61A3A085500C8DCFB /* Checkmark.png */,
				8B5CC50F19DC57BF0001B0D1 /* blueStar.png */,
				8B5CC50C19DC562F0001B0D1 /* grayStar.png */,
			);
			name = Images;
			sourceTree = "<group>";
		};
		8B5CC51119DC5A780001B0D1 /* SDWebImage */ = {
			isa = PBXGroup;
			children = (
				8B5CC51219DC5A780001B0D1 /* MKAnnotationView+WebCache.h */,
				8B5CC51319DC5A780001B0D1 /* MKAnnotationView+WebCache.m */,
				8B5CC51419DC5A780001B0D1 /* NSData+ImageContentType.h */,
				8B5CC51519DC5A780001B0D1 /* NSData+ImageContentType.m */,
				8B5CC51619DC5A780001B0D1 /* SDImageCache.h */,
				8B5CC51719DC5A780001B0D1 /* SDImageCache.m */,
				8B5CC51819DC5A780001B0D1 /* SDWebImageCompat.h */,
				8B5CC51919DC5A780001B0D1 /* SDWebImageCompat.m */,
				8B5CC51A19DC5A780001B0D1 /* SDWebImageDecoder.h */,
				8B5CC51B19DC5A780001B0D1 /* SDWebImageDecoder.m */,
				8B5CC51C19DC5A780001B0D1 /* SDWebImageDownloader.h */,
				8B5CC51D19DC5A780001B0D1 /* SDWebImageDownloader.m */,
				8B5CC51E19DC5A780001B0D1 /* SDWebImageDownloaderOperation.h */,
				8B5CC51F19DC5A780001B0D1 /* SDWebImageDownloaderOperation.m */,
				8B5CC52019DC5A780001B0D1 /* SDWebImageManager.h */,
				8B5CC52119DC5A780001B0D1 /* SDWebImageManager.m */,
				8B5CC52219DC5A780001B0D1 /* SDWebImageOperation.h */,
				8B5CC52319DC5A780001B0D1 /* SDWebImagePrefetcher.h */,
				8B5CC52419DC5A780001B0D1 /* SDWebImagePrefetcher.m */,
				8B5CC52519DC5A780001B0D1 /* UIButton+WebCache.h */,
				8B5CC52619DC5A780001B0D1 /* UIButton+WebCache.m */,
				8B5CC52719DC5A780001B0D1 /* UIImage+GIF.h */,
				8B5CC52819DC5A780001B0D1 /* UIImage+GIF.m */,
				8B5CC52919DC5A780001B0D1 /* UIImage+MultiFormat.h */,
				8B5CC52A19DC5A780001B0D1 /* UIImage+MultiFormat.m */,
				8B5CC52B19DC5A780001B0D1 /* UIImage+WebP.h */,
				8B5CC52C19DC5A780001B0D1 /* UIImage+WebP.m */,
				8B5CC52D19DC5A780001B0D1 /* UIImageView+HighlightedWebCache.h */,
				8B5CC52E19DC5A780001B0D1 /* UIImageView+HighlightedWebCache.m */,
				8B5CC52F19DC5A780001B0D1 /* UIImageView+WebCache.h */,
				8B5CC53019DC5A780001B0D1 /* UIImageView+WebCache.m */,
				8B5CC53119DC5A780001B0D1 /* UIView+WebCacheOperation.h */,
				8B5CC53219DC5A780001B0D1 /* UIView+WebCacheOperation.m */,
			);
			path = SDWebImage;
			sourceTree = "<group>";
		};
		8B6788C919DEE65B00D3AAA5 /* JSON Files */ = {
			isa = PBXGroup;
			children = (
				8B6788CA19DEE67200D3AAA5 /* localidades.json */,
				8B6788CB19DEE67200D3AAA5 /* TemplateIcon2x.png */,
			);
			name = "JSON Files";
			sourceTree = "<group>";
		};
		8B6788D719DF099B00D3AAA5 /* Main */ = {
			isa = PBXGroup;
			children = (
				8BAF892419D9FB9D0037CEE4 /* AppDelegate.h */,
				8BAF892519D9FB9D0037CEE4 /* AppDelegate.m */,
				8BAF892A19D9FB9D0037CEE4 /* Main.storyboard */,
			);
			name = Main;
			sourceTree = "<group>";
		};
		8B6788D819DF09B300D3AAA5 /* View Controllers */ = {
			isa = PBXGroup;
			children = (
				8BAF892719D9FB9D0037CEE4 /* LoginViewController.h */,
				8BAF892819D9FB9D0037CEE4 /* LoginViewController.m */,
				8B80589F19DAEB9F0071A43D /* CreateAccountViewController.h */,
				8B8058A019DAEB9F0071A43D /* CreateAccountViewController.m */,
				8B8058AE19DB25E00071A43D /* HomeScreenViewController.h */,
				8B8058AF19DB25E00071A43D /* HomeScreenViewController.m */,
				8B93CA261A3B4FB6002DC144 /* InsurancesTableViewController.h */,
				8B93CA271A3B4FB6002DC144 /* InsurancesTableViewController.m */,
				8B5A7CFE19F063F00094E426 /* ChangePasswordViewController.h */,
				8B5A7CFF19F063F00094E426 /* ChangePasswordViewController.m */,
				8B6788D419DEF22200D3AAA5 /* SearchByNameViewController.h */,
				8B6788D519DEF22200D3AAA5 /* SearchByNameViewController.m */,
				8B71A43119E573BA00420757 /* SearchByLocationViewController.h */,
				8B71A43219E573BA00420757 /* SearchByLocationViewController.m */,
				8B5CC50119DC41910001B0D1 /* DoctorsListViewController.h */,
				8B5CC50219DC41910001B0D1 /* DoctorsListViewController.m */,
				8B5CC54319DC60E70001B0D1 /* DoctorDetailsViewController.h */,
				8B5CC54419DC60E70001B0D1 /* DoctorDetailsViewController.m */,
				8B71A43B19E5B97D00420757 /* PicturesViewController.h */,
				8B71A43C19E5B97D00420757 /* PicturesViewController.m */,
				8B71A43E19E5BEB300420757 /* PictureDetailViewController.h */,
				8B71A43F19E5BEB300420757 /* PictureDetailViewController.m */,
				8B404BA119DDB92700E2ABEB /* MapViewController.h */,
				8B404BA219DDB92700E2ABEB /* MapViewController.m */,
				8BE5804019DDCCAE00DDE286 /* MyProfileViewController.h */,
				8BE5804119DDCCAE00DDE286 /* MyProfileViewController.m */,
			);
			name = "View Controllers";
			sourceTree = "<group>";
		};
		8B6788D919DF09C400D3AAA5 /* Doctor ViewControllers */ = {
			isa = PBXGroup;
			children = (
				8B6788DA19DF09DA00D3AAA5 /* DoctorLoginViewController.h */,
				8B6788DB19DF09DA00D3AAA5 /* DoctorLoginViewController.m */,
				8B5A7CF819EFFC710094E426 /* ForgotPassViewController.h */,
				8B5A7CF919EFFC710094E426 /* ForgotPassViewController.m */,
				8B6788DD19DF0EE100D3AAA5 /* CreateDoctorViewController.h */,
				8B6788DE19DF0EE100D3AAA5 /* CreateDoctorViewController.m */,
				8B6788E019DF414C00D3AAA5 /* DoctorHomePageViewController.h */,
				8B6788E119DF414C00D3AAA5 /* DoctorHomePageViewController.m */,
				8B7C248119E2D3090063F8D6 /* DoctorInfoViewController.h */,
				8B7C248219E2D3090063F8D6 /* DoctorInfoViewController.m */,
				8B4174ED19E423C0007CC189 /* DoctorLocationViewController.h */,
				8B4174EE19E423C0007CC189 /* DoctorLocationViewController.m */,
				8B4174F019E451DA007CC189 /* DoctorGalleryViewController.h */,
				8B4174F119E451DA007CC189 /* DoctorGalleryViewController.m */,
				8B4174FA19E46A79007CC189 /* GalleryPicDetailViewController.h */,
				8B4174FB19E46A79007CC189 /* GalleryPicDetailViewController.m */,
				8BA0DE0619E70481007BD6AD /* DoctorEducationViewController.h */,
				8BA0DE0719E70481007BD6AD /* DoctorEducationViewController.m */,
				8B66B67119E8336000E0C116 /* EducationDetailsViewController.h */,
				8B66B67219E8336000E0C116 /* EducationDetailsViewController.m */,
				8B5CDEA01A39FC6400C8DCFB /* PracticeListViewController.h */,
				8B5CDEA11A39FC6400C8DCFB /* PracticeListViewController.m */,
				8BA2A03A1A5F19B500ECE899 /* DoctorInsurancesViewController.h */,
				8BA2A03B1A5F19B500ECE899 /* DoctorInsurancesViewController.m */,
				8BA2A03D1A5F1F4600ECE899 /* InsuranceTypesViewController.h */,
				8BA2A03E1A5F1F4600ECE899 /* InsuranceTypesViewController.m */,
			);
			name = "Doctor ViewControllers";
			sourceTree = "<group>";
		};
		8B71A43419E589F700420757 /* Custom Views */ = {
			isa = PBXGroup;
			children = (
				8B71A43519E58A1500420757 /* DoctorLocationInfoView.h */,
				8B71A43619E58A1500420757 /* DoctorLocationInfoView.m */,
				8B71A43819E5B0E400420757 /* ConsultorioMapDetailView.h */,
				8B71A43919E5B0E400420757 /* ConsultorioMapDetailView.m */,
				8BA0DE0C19E7299A007BD6AD /* AddStudieView.h */,
				8BA0DE0D19E7299A007BD6AD /* AddStudieView.m */,
				8B5A7CFB19F01E4B0094E426 /* NewPasswordView.h */,
				8B5A7CFC19F01E4B0094E426 /* NewPasswordView.m */,
				8B93CA291A3B581D002DC144 /* InsuranceTypeView.h */,
				8B93CA2A1A3B581D002DC144 /* InsuranceTypeView.m */,
			);
			name = "Custom Views";
			sourceTree = "<group>";
		};
		8B7C248A19E346AE0063F8D6 /* Custom Classes */ = {
			isa = PBXGroup;
			children = (
				8B7C248B19E346AE0063F8D6 /* NSArray+NullReplacement.h */,
				8B7C248C19E346AE0063F8D6 /* NSArray+NullReplacement.m */,
				8B7C248D19E346AE0063F8D6 /* NSDictionary+NullReplacement.h */,
				8B7C248E19E346AE0063F8D6 /* NSDictionary+NullReplacement.m */,
			);
			path = "Custom Classes";
			sourceTree = "<group>";
		};
		8B80589A19DAE4A10071A43D /* Fonts */ = {
			isa = PBXGroup;
			children = (
				8B80589B19DAE4A10071A43D /* OpenSans-Regular.ttf */,
				8B80589C19DAE4A10071A43D /* OpenSans-Semibold.ttf */,
			);
			name = Fonts;
			path = Resources/Fonts;
			sourceTree = "<group>";
		};
		8B8058A219DB104E0071A43D /* ServerCommunicator */ = {
			isa = PBXGroup;
			children = (
				8B8058A319DB104E0071A43D /* ServerCommunicator.h */,
				8B8058A419DB104E0071A43D /* ServerCommunicator.m */,
			);
			path = ServerCommunicator;
			sourceTree = "<group>";
		};
		8B8058A619DB1B910071A43D /* MBProgressHUD */ = {
			isa = PBXGroup;
			children = (
				8B8058A719DB1B910071A43D /* MBProgressHUD.h */,
				8B8058A819DB1B910071A43D /* MBProgressHUD.m */,
			);
			path = MBProgressHUD;
			sourceTree = "<group>";
		};
		8B8058AA19DB235C0071A43D /* Model */ = {
			isa = PBXGroup;
			children = (
				8B8058AB19DB236C0071A43D /* User.h */,
				8B8058AC19DB236C0071A43D /* User.m */,
				8B5CC4FE19DC389E0001B0D1 /* Doctor.h */,
				8B5CC4FF19DC389E0001B0D1 /* Doctor.m */,
				8B7C248719E2FAF50063F8D6 /* SharedDoctor.h */,
				8B7C248819E2FAF50063F8D6 /* SharedDoctor.m */,
				8B5A7D0119F06A240094E426 /* SharedUser.h */,
				8B5A7D0219F06A240094E426 /* SharedUser.m */,
				8B6788CE19DEE75600D3AAA5 /* Localidad.h */,
				8B6788CF19DEE75600D3AAA5 /* Localidad.m */,
				8B6788D119DEE86400D3AAA5 /* Localidad+Shared.h */,
				8B6788D219DEE86400D3AAA5 /* Localidad+Shared.m */,
				8B71A44119E5DA7C00420757 /* DeviceInfo.h */,
				8B71A44219E5DA7C00420757 /* DeviceInfo.m */,
				8BA0DE0919E723A0007BD6AD /* Studie.h */,
				8BA0DE0A19E723A0007BD6AD /* Studie.m */,
				8B5CDE911A39D24E00C8DCFB /* FormLists.h */,
				8B5CDE921A39D24E00C8DCFB /* FormLists.m */,
				8B5CDE9A1A39DAD700C8DCFB /* FormListsParser.h */,
				8B5CDE9B1A39DAD700C8DCFB /* FormListsParser.m */,
				8B5CDE941A39D6E800C8DCFB /* Practice.h */,
				8B5CDE951A39D6E800C8DCFB /* Practice.m */,
				8B5CDE971A39D7BD00C8DCFB /* Reason.h */,
				8B5CDE981A39D7BD00C8DCFB /* Reason.m */,
				8B5CDE9D1A39F7D700C8DCFB /* Insurance.h */,
				8B5CDE9E1A39F7D700C8DCFB /* Insurance.m */,
				8B93CA231A3B4820002DC144 /* InsuranceType.h */,
				8B93CA241A3B4820002DC144 /* InsuranceType.m */,
			);
			name = Model;
			sourceTree = "<group>";
		};
		8BA0DE0219E6DB74007BD6AD /* UI Classes */ = {
			isa = PBXGroup;
			children = (
				8BA0DE0319E6DB93007BD6AD /* MyTextfield.h */,
				8BA0DE0419E6DB93007BD6AD /* MyTextfield.m */,
			);
			name = "UI Classes";
			sourceTree = "<group>";
		};
		8BAF891419D9FB9D0037CEE4 = {
			isa = PBXGroup;
			children = (
				8BAF891F19D9FB9D0037CEE4 /* Doclinea */,
				8BAF893919D9FB9D0037CEE4 /* DoclineaTests */,
				8BAF891E19D9FB9D0037CEE4 /* Products */,
			);
			sourceTree = "<group>";
		};
		8BAF891E19D9FB9D0037CEE4 /* Products */ = {
			isa = PBXGroup;
			children = (
				8BAF891D19D9FB9D0037CEE4 /* Doclinea.app */,
				8BAF893619D9FB9D0037CEE4 /* DoclineaTests.xctest */,
			);
			name = Products;
			sourceTree = "<group>";
		};
		8BAF891F19D9FB9D0037CEE4 /* Doclinea */ = {
			isa = PBXGroup;
			children = (
				8BA0DE0219E6DB74007BD6AD /* UI Classes */,
				8B71A43419E589F700420757 /* Custom Views */,
				8B4174F619E45EFB007CC189 /* Categories */,
				8B7C248A19E346AE0063F8D6 /* Custom Classes */,
				8B6788C919DEE65B00D3AAA5 /* JSON Files */,
				8B5CC51119DC5A780001B0D1 /* SDWebImage */,
				8B5CC50819DC4A200001B0D1 /* RatingView */,
				8B8058AA19DB235C0071A43D /* Model */,
				8B8058A619DB1B910071A43D /* MBProgressHUD */,
				8B8058A219DB104E0071A43D /* ServerCommunicator */,
				8B6788D719DF099B00D3AAA5 /* Main */,
				8B6788D819DF09B300D3AAA5 /* View Controllers */,
				8B6788D919DF09C400D3AAA5 /* Doctor ViewControllers */,
				8B5CC50419DC42360001B0D1 /* Custom Cells */,
				8BAF892D19D9FB9D0037CEE4 /* Images.xcassets */,
				8BAF892F19D9FB9D0037CEE4 /* LaunchScreen.xib */,
				8BAF892019D9FB9D0037CEE4 /* Supporting Files */,
			);
			path = Doclinea;
			sourceTree = "<group>";
		};
		8BAF892019D9FB9D0037CEE4 /* Supporting Files */ = {
			isa = PBXGroup;
			children = (
				8B5CC50E19DC57B00001B0D1 /* Images */,
				8B80589A19DAE4A10071A43D /* Fonts */,
				8BAF892119D9FB9D0037CEE4 /* Info.plist */,
				8BAF892219D9FB9D0037CEE4 /* main.m */,
			);
			name = "Supporting Files";
			sourceTree = "<group>";
		};
		8BAF893919D9FB9D0037CEE4 /* DoclineaTests */ = {
			isa = PBXGroup;
			children = (
				8BAF893C19D9FB9D0037CEE4 /* DoclineaTests.m */,
				8BAF893A19D9FB9D0037CEE4 /* Supporting Files */,
			);
			path = DoclineaTests;
			sourceTree = "<group>";
		};
		8BAF893A19D9FB9D0037CEE4 /* Supporting Files */ = {
			isa = PBXGroup;
			children = (
				8BAF893B19D9FB9D0037CEE4 /* Info.plist */,
			);
			name = "Supporting Files";
			sourceTree = "<group>";
		};
/* End PBXGroup section */

/* Begin PBXNativeTarget section */
		8BAF891C19D9FB9D0037CEE4 /* Doclinea */ = {
			isa = PBXNativeTarget;
			buildConfigurationList = 8BAF894019D9FB9E0037CEE4 /* Build configuration list for PBXNativeTarget "Doclinea" */;
			buildPhases = (
				8BAF891919D9FB9D0037CEE4 /* Sources */,
				8BAF891A19D9FB9D0037CEE4 /* Frameworks */,
				8BAF891B19D9FB9D0037CEE4 /* Resources */,
			);
			buildRules = (
			);
			dependencies = (
			);
			name = Doclinea;
			productName = Doclinea;
			productReference = 8BAF891D19D9FB9D0037CEE4 /* Doclinea.app */;
			productType = "com.apple.product-type.application";
		};
		8BAF893519D9FB9D0037CEE4 /* DoclineaTests */ = {
			isa = PBXNativeTarget;
			buildConfigurationList = 8BAF894319D9FB9E0037CEE4 /* Build configuration list for PBXNativeTarget "DoclineaTests" */;
			buildPhases = (
				8BAF893219D9FB9D0037CEE4 /* Sources */,
				8BAF893319D9FB9D0037CEE4 /* Frameworks */,
				8BAF893419D9FB9D0037CEE4 /* Resources */,
			);
			buildRules = (
			);
			dependencies = (
				8BAF893819D9FB9D0037CEE4 /* PBXTargetDependency */,
			);
			name = DoclineaTests;
			productName = DoclineaTests;
			productReference = 8BAF893619D9FB9D0037CEE4 /* DoclineaTests.xctest */;
			productType = "com.apple.product-type.bundle.unit-test";
		};
/* End PBXNativeTarget section */

/* Begin PBXProject section */
		8BAF891519D9FB9D0037CEE4 /* Project object */ = {
			isa = PBXProject;
			attributes = {
				LastUpgradeCheck = 0600;
				ORGANIZATIONNAME = "iAm Studio";
				TargetAttributes = {
					8BAF891C19D9FB9D0037CEE4 = {
						CreatedOnToolsVersion = 6.0.1;
						DevelopmentTeam = 4U39LJL48R;
					};
					8BAF893519D9FB9D0037CEE4 = {
						CreatedOnToolsVersion = 6.0.1;
						TestTargetID = 8BAF891C19D9FB9D0037CEE4;
					};
				};
			};
			buildConfigurationList = 8BAF891819D9FB9D0037CEE4 /* Build configuration list for PBXProject "Doclinea" */;
			compatibilityVersion = "Xcode 3.2";
			developmentRegion = English;
			hasScannedForEncodings = 0;
			knownRegions = (
				en,
				Base,
			);
			mainGroup = 8BAF891419D9FB9D0037CEE4;
			productRefGroup = 8BAF891E19D9FB9D0037CEE4 /* Products */;
			projectDirPath = "";
			projectRoot = "";
			targets = (
				8BAF891C19D9FB9D0037CEE4 /* Doclinea */,
				8BAF893519D9FB9D0037CEE4 /* DoclineaTests */,
			);
		};
/* End PBXProject section */

/* Begin PBXResourcesBuildPhase section */
		8BAF891B19D9FB9D0037CEE4 /* Resources */ = {
			isa = PBXResourcesBuildPhase;
			buildActionMask = 2147483647;
			files = (
				8B5CC51019DC57BF0001B0D1 /* blueStar.png in Resources */,
				8BAF892C19D9FB9D0037CEE4 /* Main.storyboard in Resources */,
				8BAF893119D9FB9D0037CEE4 /* LaunchScreen.xib in Resources */,
				8B80589D19DAE4A10071A43D /* OpenSans-Regular.ttf in Resources */,
				8BAF892E19D9FB9D0037CEE4 /* Images.xcassets in Resources */,
				8B6788CD19DEE67200D3AAA5 /* TemplateIcon2x.png in Resources */,
				8B6788CC19DEE67200D3AAA5 /* localidades.json in Resources */,
				8B5CC50D19DC562F0001B0D1 /* grayStar.png in Resources */,
				8B80589E19DAE4A10071A43D /* OpenSans-Semibold.ttf in Resources */,
				8B5CDEA71A3A085500C8DCFB /* Checkmark.png in Resources */,
			);
			runOnlyForDeploymentPostprocessing = 0;
		};
		8BAF893419D9FB9D0037CEE4 /* Resources */ = {
			isa = PBXResourcesBuildPhase;
			buildActionMask = 2147483647;
			files = (
			);
			runOnlyForDeploymentPostprocessing = 0;
		};
/* End PBXResourcesBuildPhase section */

/* Begin PBXSourcesBuildPhase section */
		8BAF891919D9FB9D0037CEE4 /* Sources */ = {
			isa = PBXSourcesBuildPhase;
			buildActionMask = 2147483647;
			files = (
				8B5CC50719DC42550001B0D1 /* DoctorCell.m in Sources */,
				8B8058A119DAEB9F0071A43D /* CreateAccountViewController.m in Sources */,
				8B5CC54519DC60E70001B0D1 /* DoctorDetailsViewController.m in Sources */,
				8B6788D019DEE75600D3AAA5 /* Localidad.m in Sources */,
				8B66B67319E8336000E0C116 /* EducationDetailsViewController.m in Sources */,
				8B7C249019E346AE0063F8D6 /* NSDictionary+NullReplacement.m in Sources */,
				8B6788D619DEF22200D3AAA5 /* SearchByNameViewController.m in Sources */,
				8B5CDE991A39D7BD00C8DCFB /* Reason.m in Sources */,
				8B71A44019E5BEB300420757 /* PictureDetailViewController.m in Sources */,
				8B4174EF19E423C0007CC189 /* DoctorLocationViewController.m in Sources */,
				8B5CC53F19DC5A780001B0D1 /* UIImage+WebP.m in Sources */,
				8B71A43319E573BA00420757 /* SearchByLocationViewController.m in Sources */,
				8B5A7CFA19EFFC710094E426 /* ForgotPassViewController.m in Sources */,
				8BA2A03F1A5F1F4600ECE899 /* InsuranceTypesViewController.m in Sources */,
				8B5CC50319DC41910001B0D1 /* DoctorsListViewController.m in Sources */,
				8B5CC53C19DC5A780001B0D1 /* UIButton+WebCache.m in Sources */,
				8B5CC53919DC5A780001B0D1 /* SDWebImageDownloaderOperation.m in Sources */,
				8B4174F919E45F23007CC189 /* NSString+AddOns.m in Sources */,
				8B5CDE961A39D6E800C8DCFB /* Practice.m in Sources */,
				8BA2A03C1A5F19B500ECE899 /* DoctorInsurancesViewController.m in Sources */,
				8B5A7CFD19F01E4B0094E426 /* NewPasswordView.m in Sources */,
				8B5CC50B19DC4A200001B0D1 /* RatingView.m in Sources */,
				8B7C248F19E346AE0063F8D6 /* NSArray+NullReplacement.m in Sources */,
				8B5A7D0319F06A240094E426 /* SharedUser.m in Sources */,
				8B4174FC19E46A79007CC189 /* GalleryPicDetailViewController.m in Sources */,
				8B5CC53519DC5A780001B0D1 /* SDImageCache.m in Sources */,
				8B71A43D19E5B97D00420757 /* PicturesViewController.m in Sources */,
				8B5CC53419DC5A780001B0D1 /* NSData+ImageContentType.m in Sources */,
				8B8058AD19DB236C0071A43D /* User.m in Sources */,
				8B6788DF19DF0EE100D3AAA5 /* CreateDoctorViewController.m in Sources */,
				8B4174F219E451DA007CC189 /* DoctorGalleryViewController.m in Sources */,
				8B5CC53719DC5A780001B0D1 /* SDWebImageDecoder.m in Sources */,
				8BA0DE0B19E723A0007BD6AD /* Studie.m in Sources */,
				8B5CC50019DC389E0001B0D1 /* Doctor.m in Sources */,
				8B6788E219DF414C00D3AAA5 /* DoctorHomePageViewController.m in Sources */,
				8B5CC54019DC5A780001B0D1 /* UIImageView+HighlightedWebCache.m in Sources */,
				8B71A44319E5DA7C00420757 /* DeviceInfo.m in Sources */,
				8BA0DE0819E70481007BD6AD /* DoctorEducationViewController.m in Sources */,
				8B8058A919DB1B910071A43D /* MBProgressHUD.m in Sources */,
				8B93CA281A3B4FB6002DC144 /* InsurancesTableViewController.m in Sources */,
				8B5CC53819DC5A780001B0D1 /* SDWebImageDownloader.m in Sources */,
				8B5A7D0019F063F00094E426 /* ChangePasswordViewController.m in Sources */,
				8B66B67019E812E400E0C116 /* EducationCell.m in Sources */,
				8BE5804219DDCCAE00DDE286 /* MyProfileViewController.m in Sources */,
				8B4174F519E453C3007CC189 /* DoctorGalleryCell.m in Sources */,
				8B5CDE9C1A39DAD700C8DCFB /* FormListsParser.m in Sources */,
				8B6788DC19DF09DA00D3AAA5 /* DoctorLoginViewController.m in Sources */,
				8B5CDEA51A3A031C00C8DCFB /* PracticeListCell.m in Sources */,
				8B71A43719E58A1500420757 /* DoctorLocationInfoView.m in Sources */,
				8BA0DE0E19E7299A007BD6AD /* AddStudieView.m in Sources */,
				8B5CC53619DC5A780001B0D1 /* SDWebImageCompat.m in Sources */,
				8B5CDE9F1A39F7D700C8DCFB /* Insurance.m in Sources */,
				8B7C248319E2D3090063F8D6 /* DoctorInfoViewController.m in Sources */,
				8BAF892919D9FB9D0037CEE4 /* LoginViewController.m in Sources */,
				8B5CC53D19DC5A780001B0D1 /* UIImage+GIF.m in Sources */,
				8B5CC53E19DC5A780001B0D1 /* UIImage+MultiFormat.m in Sources */,
				8B8058A519DB104F0071A43D /* ServerCommunicator.m in Sources */,
				8B5CDE931A39D24E00C8DCFB /* FormLists.m in Sources */,
				8B7C248919E2FAF50063F8D6 /* SharedDoctor.m in Sources */,
				8B5CC53B19DC5A780001B0D1 /* SDWebImagePrefetcher.m in Sources */,
				8B8058B019DB25E00071A43D /* HomeScreenViewController.m in Sources */,
				8B93CA2B1A3B581D002DC144 /* InsuranceTypeView.m in Sources */,
				8B5CDEA21A39FC6400C8DCFB /* PracticeListViewController.m in Sources */,
				8B5CC53319DC5A780001B0D1 /* MKAnnotationView+WebCache.m in Sources */,
				8B5CC54119DC5A780001B0D1 /* UIImageView+WebCache.m in Sources */,
				8B71A43A19E5B0E400420757 /* ConsultorioMapDetailView.m in Sources */,
				8B93CA251A3B4820002DC144 /* InsuranceType.m in Sources */,
				8B5CC54219DC5A780001B0D1 /* UIView+WebCacheOperation.m in Sources */,
				8B5CC53A19DC5A780001B0D1 /* SDWebImageManager.m in Sources */,
				8B404BA319DDB92700E2ABEB /* MapViewController.m in Sources */,
				8BA0DE0519E6DB93007BD6AD /* MyTextfield.m in Sources */,
				8BAF892619D9FB9D0037CEE4 /* AppDelegate.m in Sources */,
				8BAF892319D9FB9D0037CEE4 /* main.m in Sources */,
				8B6788D319DEE86400D3AAA5 /* Localidad+Shared.m in Sources */,
			);
			runOnlyForDeploymentPostprocessing = 0;
		};
		8BAF893219D9FB9D0037CEE4 /* Sources */ = {
			isa = PBXSourcesBuildPhase;
			buildActionMask = 2147483647;
			files = (
				8BAF893D19D9FB9D0037CEE4 /* DoclineaTests.m in Sources */,
			);
			runOnlyForDeploymentPostprocessing = 0;
		};
/* End PBXSourcesBuildPhase section */

/* Begin PBXTargetDependency section */
		8BAF893819D9FB9D0037CEE4 /* PBXTargetDependency */ = {
			isa = PBXTargetDependency;
			target = 8BAF891C19D9FB9D0037CEE4 /* Doclinea */;
			targetProxy = 8BAF893719D9FB9D0037CEE4 /* PBXContainerItemProxy */;
		};
/* End PBXTargetDependency section */

/* Begin PBXVariantGroup section */
		8BAF892A19D9FB9D0037CEE4 /* Main.storyboard */ = {
			isa = PBXVariantGroup;
			children = (
				8BAF892B19D9FB9D0037CEE4 /* Base */,
			);
			name = Main.storyboard;
			sourceTree = "<group>";
		};
		8BAF892F19D9FB9D0037CEE4 /* LaunchScreen.xib */ = {
			isa = PBXVariantGroup;
			children = (
				8BAF893019D9FB9D0037CEE4 /* Base */,
			);
			name = LaunchScreen.xib;
			sourceTree = "<group>";
		};
/* End PBXVariantGroup section */

/* Begin XCBuildConfiguration section */
		8BAF893E19D9FB9D0037CEE4 /* Debug */ = {
			isa = XCBuildConfiguration;
			buildSettings = {
				ALWAYS_SEARCH_USER_PATHS = NO;
				CLANG_CXX_LANGUAGE_STANDARD = "gnu++0x";
				CLANG_CXX_LIBRARY = "libc++";
				CLANG_ENABLE_MODULES = YES;
				CLANG_ENABLE_OBJC_ARC = YES;
				CLANG_WARN_BOOL_CONVERSION = YES;
				CLANG_WARN_CONSTANT_CONVERSION = YES;
				CLANG_WARN_DIRECT_OBJC_ISA_USAGE = YES_ERROR;
				CLANG_WARN_EMPTY_BODY = YES;
				CLANG_WARN_ENUM_CONVERSION = YES;
				CLANG_WARN_INT_CONVERSION = YES;
				CLANG_WARN_OBJC_ROOT_CLASS = YES_ERROR;
				CLANG_WARN_UNREACHABLE_CODE = YES;
				CLANG_WARN__DUPLICATE_METHOD_MATCH = YES;
				"CODE_SIGN_IDENTITY[sdk=iphoneos*]" = "iPhone Developer";
				COPY_PHASE_STRIP = NO;
				ENABLE_STRICT_OBJC_MSGSEND = YES;
				GCC_C_LANGUAGE_STANDARD = gnu99;
				GCC_DYNAMIC_NO_PIC = NO;
				GCC_OPTIMIZATION_LEVEL = 0;
				GCC_PREPROCESSOR_DEFINITIONS = (
					"DEBUG=1",
					"$(inherited)",
				);
				GCC_SYMBOLS_PRIVATE_EXTERN = NO;
				GCC_WARN_64_TO_32_BIT_CONVERSION = YES;
				GCC_WARN_ABOUT_RETURN_TYPE = YES_ERROR;
				GCC_WARN_UNDECLARED_SELECTOR = YES;
				GCC_WARN_UNINITIALIZED_AUTOS = YES_AGGRESSIVE;
				GCC_WARN_UNUSED_FUNCTION = YES;
				GCC_WARN_UNUSED_VARIABLE = YES;
				IPHONEOS_DEPLOYMENT_TARGET = 8.0;
				MTL_ENABLE_DEBUG_INFO = YES;
				ONLY_ACTIVE_ARCH = YES;
				SDKROOT = iphoneos;
				TARGETED_DEVICE_FAMILY = "1,2";
			};
			name = Debug;
		};
		8BAF893F19D9FB9E0037CEE4 /* Release */ = {
			isa = XCBuildConfiguration;
			buildSettings = {
				ALWAYS_SEARCH_USER_PATHS = NO;
				CLANG_CXX_LANGUAGE_STANDARD = "gnu++0x";
				CLANG_CXX_LIBRARY = "libc++";
				CLANG_ENABLE_MODULES = YES;
				CLANG_ENABLE_OBJC_ARC = YES;
				CLANG_WARN_BOOL_CONVERSION = YES;
				CLANG_WARN_CONSTANT_CONVERSION = YES;
				CLANG_WARN_DIRECT_OBJC_ISA_USAGE = YES_ERROR;
				CLANG_WARN_EMPTY_BODY = YES;
				CLANG_WARN_ENUM_CONVERSION = YES;
				CLANG_WARN_INT_CONVERSION = YES;
				CLANG_WARN_OBJC_ROOT_CLASS = YES_ERROR;
				CLANG_WARN_UNREACHABLE_CODE = YES;
				CLANG_WARN__DUPLICATE_METHOD_MATCH = YES;
				"CODE_SIGN_IDENTITY[sdk=iphoneos*]" = "iPhone Developer";
				COPY_PHASE_STRIP = YES;
				ENABLE_NS_ASSERTIONS = NO;
				ENABLE_STRICT_OBJC_MSGSEND = YES;
				GCC_C_LANGUAGE_STANDARD = gnu99;
				GCC_WARN_64_TO_32_BIT_CONVERSION = YES;
				GCC_WARN_ABOUT_RETURN_TYPE = YES_ERROR;
				GCC_WARN_UNDECLARED_SELECTOR = YES;
				GCC_WARN_UNINITIALIZED_AUTOS = YES_AGGRESSIVE;
				GCC_WARN_UNUSED_FUNCTION = YES;
				GCC_WARN_UNUSED_VARIABLE = YES;
				IPHONEOS_DEPLOYMENT_TARGET = 8.0;
				MTL_ENABLE_DEBUG_INFO = NO;
				SDKROOT = iphoneos;
				TARGETED_DEVICE_FAMILY = "1,2";
				VALIDATE_PRODUCT = YES;
			};
			name = Release;
		};
		8BAF894119D9FB9E0037CEE4 /* Debug */ = {
			isa = XCBuildConfiguration;
			buildSettings = {
				ASSETCATALOG_COMPILER_APPICON_NAME = AppIcon;
				CODE_SIGN_IDENTITY = "iPhone Developer: Diego Fernando Vidal Illera (9JA65WT89C)";
				INFOPLIST_FILE = Doclinea/Info.plist;
				IPHONEOS_DEPLOYMENT_TARGET = 8.0;
				LD_RUNPATH_SEARCH_PATHS = "$(inherited) @executable_path/Frameworks";
				PRODUCT_NAME = "$(TARGET_NAME)";
				PROVISIONING_PROFILE = "b07aed6f-2081-410f-a1f2-a699449f087d";
			};
			name = Debug;
		};
		8BAF894219D9FB9E0037CEE4 /* Release */ = {
			isa = XCBuildConfiguration;
			buildSettings = {
				ASSETCATALOG_COMPILER_APPICON_NAME = AppIcon;
				CODE_SIGN_IDENTITY = "iPhone Developer";
				INFOPLIST_FILE = Doclinea/Info.plist;
				IPHONEOS_DEPLOYMENT_TARGET = 8.0;
				LD_RUNPATH_SEARCH_PATHS = "$(inherited) @executable_path/Frameworks";
				PRODUCT_NAME = "$(TARGET_NAME)";
				PROVISIONING_PROFILE = "b07aed6f-2081-410f-a1f2-a699449f087d";
			};
			name = Release;
		};
		8BAF894419D9FB9E0037CEE4 /* Debug */ = {
			isa = XCBuildConfiguration;
			buildSettings = {
				BUNDLE_LOADER = "$(TEST_HOST)";
				FRAMEWORK_SEARCH_PATHS = (
					"$(SDKROOT)/Developer/Library/Frameworks",
					"$(inherited)",
				);
				GCC_PREPROCESSOR_DEFINITIONS = (
					"DEBUG=1",
					"$(inherited)",
				);
				INFOPLIST_FILE = DoclineaTests/Info.plist;
				LD_RUNPATH_SEARCH_PATHS = "$(inherited) @executable_path/Frameworks @loader_path/Frameworks";
				PRODUCT_NAME = "$(TARGET_NAME)";
				TEST_HOST = "$(BUILT_PRODUCTS_DIR)/Doclinea.app/Doclinea";
			};
			name = Debug;
		};
		8BAF894519D9FB9E0037CEE4 /* Release */ = {
			isa = XCBuildConfiguration;
			buildSettings = {
				BUNDLE_LOADER = "$(TEST_HOST)";
				FRAMEWORK_SEARCH_PATHS = (
					"$(SDKROOT)/Developer/Library/Frameworks",
					"$(inherited)",
				);
				INFOPLIST_FILE = DoclineaTests/Info.plist;
				LD_RUNPATH_SEARCH_PATHS = "$(inherited) @executable_path/Frameworks @loader_path/Frameworks";
				PRODUCT_NAME = "$(TARGET_NAME)";
				TEST_HOST = "$(BUILT_PRODUCTS_DIR)/Doclinea.app/Doclinea";
			};
			name = Release;
		};
/* End XCBuildConfiguration section */

/* Begin XCConfigurationList section */
		8BAF891819D9FB9D0037CEE4 /* Build configuration list for PBXProject "Doclinea" */ = {
			isa = XCConfigurationList;
			buildConfigurations = (
				8BAF893E19D9FB9D0037CEE4 /* Debug */,
				8BAF893F19D9FB9E0037CEE4 /* Release */,
			);
			defaultConfigurationIsVisible = 0;
			defaultConfigurationName = Release;
		};
		8BAF894019D9FB9E0037CEE4 /* Build configuration list for PBXNativeTarget "Doclinea" */ = {
			isa = XCConfigurationList;
			buildConfigurations = (
				8BAF894119D9FB9E0037CEE4 /* Debug */,
				8BAF894219D9FB9E0037CEE4 /* Release */,
			);
			defaultConfigurationIsVisible = 0;
			defaultConfigurationName = Release;
		};
		8BAF894319D9FB9E0037CEE4 /* Build configuration list for PBXNativeTarget "DoclineaTests" */ = {
			isa = XCConfigurationList;
			buildConfigurations = (
				8BAF894419D9FB9E0037CEE4 /* Debug */,
				8BAF894519D9FB9E0037CEE4 /* Release */,
			);
			defaultConfigurationIsVisible = 0;
			defaultConfigurationName = Release;
		};
/* End XCConfigurationList section */
	};
	rootObject = 8BAF891519D9FB9D0037CEE4 /* Project object */;
}
